// !$*UTF8*$!
{
	archiveVersion = 1;
	classes = {
	};
	objectVersion = 55;
	objects = {

/* Begin PBXBuildFile section */
		5A64057F6052DD8B2D450EEF /* Pods_MyFlow.framework in Frameworks */ = {isa = PBXBuildFile; fileRef = F29E0F658105FB87AA1F90FB /* Pods_MyFlow.framework */; };
		73894CB62959C9438C6F0780 /* Pods_MyFlowTests.framework in Frameworks */ = {isa = PBXBuildFile; fileRef = 12557F259FCE95C3D038CFF7 /* Pods_MyFlowTests.framework */; };
		AF1B76D22986A414002D9BAE /* UserActivityHelper.swift in Sources */ = {isa = PBXBuildFile; fileRef = AF1B76D12986A414002D9BAE /* UserActivityHelper.swift */; };
		AF1B76D42986C399002D9BAE /* URL+.swift in Sources */ = {isa = PBXBuildFile; fileRef = AF1B76D32986C399002D9BAE /* URL+.swift */; };
		AF1B76D72986C3F1002D9BAE /* MyUserActivity.swift in Sources */ = {isa = PBXBuildFile; fileRef = AF1B76D62986C3F1002D9BAE /* MyUserActivity.swift */; };
		AF255AA1283E809E00747FF3 /* UIDevice+.swift in Sources */ = {isa = PBXBuildFile; fileRef = AF255AA0283E809E00747FF3 /* UIDevice+.swift */; };
		AF255AA3283E843A00747FF3 /* AddPointsModalViewController.swift in Sources */ = {isa = PBXBuildFile; fileRef = AF255AA2283E843A00747FF3 /* AddPointsModalViewController.swift */; };
		AF255AA5283E95C900747FF3 /* ThumbnailCell.swift in Sources */ = {isa = PBXBuildFile; fileRef = AF255AA4283E95C900747FF3 /* ThumbnailCell.swift */; };
		AF2A9ACA28615C2200D0BB24 /* DeleteCommand.swift in Sources */ = {isa = PBXBuildFile; fileRef = AF2A9AC928615C2200D0BB24 /* DeleteCommand.swift */; };
		AF2F1A11293DB5B90005E4B9 /* MainViewModel.swift in Sources */ = {isa = PBXBuildFile; fileRef = AF2F1A10293DB5B90005E4B9 /* MainViewModel.swift */; };
		AF2F1A15294B379A0005E4B9 /* MainViewModelInterface.swift in Sources */ = {isa = PBXBuildFile; fileRef = AF2F1A14294B379A0005E4B9 /* MainViewModelInterface.swift */; };
		AF3C3F972843C0C2007ED4F9 /* PlayModeState.swift in Sources */ = {isa = PBXBuildFile; fileRef = AF3C3F962843C0C2007ED4F9 /* PlayModeState.swift */; };
		AF3D083129A1187600C26566 /* UITapGestureRecognizer+.swift in Sources */ = {isa = PBXBuildFile; fileRef = AF3D083029A1187600C26566 /* UITapGestureRecognizer+.swift */; };
		AF3D083529A118BD00C26566 /* MoveStrategyAnimationView.swift in Sources */ = {isa = PBXBuildFile; fileRef = AF3D083429A118BD00C26566 /* MoveStrategyAnimationView.swift */; };
		AF3D083729A118F000C26566 /* MoveStrategySettingView.swift in Sources */ = {isa = PBXBuildFile; fileRef = AF3D083629A118F000C26566 /* MoveStrategySettingView.swift */; };
		AF3D083B29A1198500C26566 /* RadioButtons.swift in Sources */ = {isa = PBXBuildFile; fileRef = AF3D083A29A1198500C26566 /* RadioButtons.swift */; };
		AF3D083D29A119B700C26566 /* RadioButton.swift in Sources */ = {isa = PBXBuildFile; fileRef = AF3D083C29A119B700C26566 /* RadioButton.swift */; };
		AF58533929A744A500C7D6B0 /* UIApplication+.swift in Sources */ = {isa = PBXBuildFile; fileRef = AF58533829A744A500C7D6B0 /* UIApplication+.swift */; };
		AF58AF7229A13D2F00EFD8A4 /* AnimatableView.swift in Sources */ = {isa = PBXBuildFile; fileRef = AF58AF7129A13D2F00EFD8A4 /* AnimatableView.swift */; };
		AF58AF7529A13D6B00EFD8A4 /* SettingViewStyle.swift in Sources */ = {isa = PBXBuildFile; fileRef = AF58AF7429A13D6B00EFD8A4 /* SettingViewStyle.swift */; };
		AF58AF7729A13DD200EFD8A4 /* ExpandableSettingViewStyle.swift in Sources */ = {isa = PBXBuildFile; fileRef = AF58AF7629A13DD200EFD8A4 /* ExpandableSettingViewStyle.swift */; };
		AF58AF7929A1F24B00EFD8A4 /* RadioButtonShape.swift in Sources */ = {isa = PBXBuildFile; fileRef = AF58AF7829A1F24B00EFD8A4 /* RadioButtonShape.swift */; };
		AF58AF7B29A1F3A400EFD8A4 /* UILabel+.swift in Sources */ = {isa = PBXBuildFile; fileRef = AF58AF7A29A1F3A400EFD8A4 /* UILabel+.swift */; };
		AF65F790292E4E5F0005D9AF /* FileHelper.swift in Sources */ = {isa = PBXBuildFile; fileRef = AF65F78F292E4E5F0005D9AF /* FileHelper.swift */; };
		AF66424E2A2F5352009F67D1 /* ThumbnailCellView.swift in Sources */ = {isa = PBXBuildFile; fileRef = AF66424D2A2F5352009F67D1 /* ThumbnailCellView.swift */; };
		AF6642502A2F5373009F67D1 /* ThumbnailCollectionView.swift in Sources */ = {isa = PBXBuildFile; fileRef = AF66424F2A2F5373009F67D1 /* ThumbnailCollectionView.swift */; };
		AF77AC9029AB48F9007CC495 /* NormalState.swift in Sources */ = {isa = PBXBuildFile; fileRef = AF77AC8F29AB48F9007CC495 /* NormalState.swift */; };
		AF77AC9229AB4913007CC495 /* HandlePointsState.swift in Sources */ = {isa = PBXBuildFile; fileRef = AF77AC9129AB4913007CC495 /* HandlePointsState.swift */; };
		AF77AC9429AB4929007CC495 /* AddPointsState.swift in Sources */ = {isa = PBXBuildFile; fileRef = AF77AC9329AB4929007CC495 /* AddPointsState.swift */; };
		AF8936BA2836655C001031FC /* PointBuilder.swift in Sources */ = {isa = PBXBuildFile; fileRef = AF8936B92836655C001031FC /* PointBuilder.swift */; };
		AF8936BC28367FD2001031FC /* MyError.swift in Sources */ = {isa = PBXBuildFile; fileRef = AF8936BB28367FD2001031FC /* MyError.swift */; };
		AF8EDF7F282E3F7A00CCFF19 /* AppDelegate.swift in Sources */ = {isa = PBXBuildFile; fileRef = AF8EDF7E282E3F7A00CCFF19 /* AppDelegate.swift */; };
		AF8EDF81282E3F7A00CCFF19 /* DocumentBrowserViewController.swift in Sources */ = {isa = PBXBuildFile; fileRef = AF8EDF80282E3F7A00CCFF19 /* DocumentBrowserViewController.swift */; };
		AF8EDF83282E3F7A00CCFF19 /* DocumentViewController.swift in Sources */ = {isa = PBXBuildFile; fileRef = AF8EDF82282E3F7A00CCFF19 /* DocumentViewController.swift */; };
		AF8EDF85282E3F7A00CCFF19 /* Document.swift in Sources */ = {isa = PBXBuildFile; fileRef = AF8EDF84282E3F7A00CCFF19 /* Document.swift */; };
		AF8EDF88282E3F7A00CCFF19 /* Main.storyboard in Resources */ = {isa = PBXBuildFile; fileRef = AF8EDF86282E3F7A00CCFF19 /* Main.storyboard */; };
		AF8EDF8A282E3F7B00CCFF19 /* Assets.xcassets in Resources */ = {isa = PBXBuildFile; fileRef = AF8EDF89282E3F7B00CCFF19 /* Assets.xcassets */; };
		AF8EDF8D282E3F7B00CCFF19 /* LaunchScreen.storyboard in Resources */ = {isa = PBXBuildFile; fileRef = AF8EDF8B282E3F7B00CCFF19 /* LaunchScreen.storyboard */; };
		AF91FB1C29A3578F00E161AC /* LineViewStyle.swift in Sources */ = {isa = PBXBuildFile; fileRef = AF91FB1B29A3578F00E161AC /* LineViewStyle.swift */; };
		AF91FB1F29A357C500E161AC /* HorizontalLineView.swift in Sources */ = {isa = PBXBuildFile; fileRef = AF91FB1E29A357C500E161AC /* HorizontalLineView.swift */; };
		AF91FB2129A357DC00E161AC /* VerticalLineView.swift in Sources */ = {isa = PBXBuildFile; fileRef = AF91FB2029A357DC00E161AC /* VerticalLineView.swift */; };
		AF91FB2329A3C34500E161AC /* UIStackView+.swift in Sources */ = {isa = PBXBuildFile; fileRef = AF91FB2229A3C34500E161AC /* UIStackView+.swift */; };
		AF91FB2529A3CA1300E161AC /* SettingStackCell.swift in Sources */ = {isa = PBXBuildFile; fileRef = AF91FB2429A3CA1300E161AC /* SettingStackCell.swift */; };
		AF91FB2729A3DFFE00E161AC /* AnimatableGradientBackground.swift in Sources */ = {isa = PBXBuildFile; fileRef = AF91FB2629A3DFFE00E161AC /* AnimatableGradientBackground.swift */; };
		AF91FB2929A3E06700E161AC /* PlayModeTapAreaSettingView.swift in Sources */ = {isa = PBXBuildFile; fileRef = AF91FB2829A3E06700E161AC /* PlayModeTapAreaSettingView.swift */; };
		AF91FB2F29A3E21600E161AC /* ToggleableButton.swift in Sources */ = {isa = PBXBuildFile; fileRef = AF91FB2E29A3E21600E161AC /* ToggleableButton.swift */; };
		AF91FB3129A4EFBB00E161AC /* UIImage+.swift in Sources */ = {isa = PBXBuildFile; fileRef = AF91FB3029A4EFBB00E161AC /* UIImage+.swift */; };
		AF98A383283291560035601D /* comic_andy.ttf in Resources */ = {isa = PBXBuildFile; fileRef = AF98A382283291560035601D /* comic_andy.ttf */; };
		AF98A385283291620035601D /* Fonarto.ttf in Resources */ = {isa = PBXBuildFile; fileRef = AF98A384283291620035601D /* Fonarto.ttf */; };
		AF98A387283297810035601D /* Fonarto XT.ttf in Resources */ = {isa = PBXBuildFile; fileRef = AF98A386283297810035601D /* Fonarto XT.ttf */; };
		AF98A38A2832A6380035601D /* String+.swift in Sources */ = {isa = PBXBuildFile; fileRef = AF98A3892832A6380035601D /* String+.swift */; };
		AF98A38C2832A6590035601D /* UIFont+.swift in Sources */ = {isa = PBXBuildFile; fileRef = AF98A38B2832A6590035601D /* UIFont+.swift */; };
		AF98A38E2832A6760035601D /* UIColor+.swift in Sources */ = {isa = PBXBuildFile; fileRef = AF98A38D2832A6760035601D /* UIColor+.swift */; };
		AFAB47B728477E060034515A /* PointCommand.swift in Sources */ = {isa = PBXBuildFile; fileRef = AFAB47B628477E060034515A /* PointCommand.swift */; };
		AFAB47B9284795780034515A /* PointMemento.swift in Sources */ = {isa = PBXBuildFile; fileRef = AFAB47B8284795780034515A /* PointMemento.swift */; };
		AFAB47BB28479F6F0034515A /* PointCommandHistory.swift in Sources */ = {isa = PBXBuildFile; fileRef = AFAB47BA28479F6F0034515A /* PointCommandHistory.swift */; };
		AFAB47BD28479F9D0034515A /* UndoRedoHistory.swift in Sources */ = {isa = PBXBuildFile; fileRef = AFAB47BC28479F9D0034515A /* UndoRedoHistory.swift */; };
		AFAB47C02847A0830034515A /* AddCommand.swift in Sources */ = {isa = PBXBuildFile; fileRef = AFAB47BF2847A0830034515A /* AddCommand.swift */; };
		AFAB47C62847B26B0034515A /* MoveCommand.swift in Sources */ = {isa = PBXBuildFile; fileRef = AFAB47C52847B26B0034515A /* MoveCommand.swift */; };
		AFAB47C82847BC050034515A /* PointHelperMemento.swift in Sources */ = {isa = PBXBuildFile; fileRef = AFAB47C72847BC050034515A /* PointHelperMemento.swift */; };
		AFB458B829A6456C00FF310D /* TrueDepthThresholdSettingView.swift in Sources */ = {isa = PBXBuildFile; fileRef = AFB458B729A6456C00FF310D /* TrueDepthThresholdSettingView.swift */; };
		AFBAB8D329A60DB00025A0E7 /* AlertMaker.swift in Sources */ = {isa = PBXBuildFile; fileRef = AFBAB8D229A60DB00025A0E7 /* AlertMaker.swift */; };
		AFBAB8D629A60EBE0025A0E7 /* TrueDepthHelper.swift in Sources */ = {isa = PBXBuildFile; fileRef = AFBAB8D529A60EBE0025A0E7 /* TrueDepthHelper.swift */; };
		AFC7A329299CC0DA008E906D /* SettingsView.swift in Sources */ = {isa = PBXBuildFile; fileRef = AFC7A328299CC0DA008E906D /* SettingsView.swift */; };
		AFC8E24629333A4A009F9EC9 /* NowPointView.swift in Sources */ = {isa = PBXBuildFile; fileRef = AFC8E24529333A4A009F9EC9 /* NowPointView.swift */; };
		AFC8E2482933439F009F9EC9 /* UndoRedoArea.swift in Sources */ = {isa = PBXBuildFile; fileRef = AFC8E2472933439F009F9EC9 /* UndoRedoArea.swift */; };
		AFC8E24A293345F2009F9EC9 /* PointsArea.swift in Sources */ = {isa = PBXBuildFile; fileRef = AFC8E249293345F2009F9EC9 /* PointsArea.swift */; };
		AFC8E24C29334C8A009F9EC9 /* MovingArea.swift in Sources */ = {isa = PBXBuildFile; fileRef = AFC8E24B29334C8A009F9EC9 /* MovingArea.swift */; };
		AFC8E24F29335431009F9EC9 /* MyNavigationViewModel.swift in Sources */ = {isa = PBXBuildFile; fileRef = AFC8E24E29335431009F9EC9 /* MyNavigationViewModel.swift */; };
		AFC8E25329335DAF009F9EC9 /* MyNavigationViewDelegate.swift in Sources */ = {isa = PBXBuildFile; fileRef = AFC8E25229335DAF009F9EC9 /* MyNavigationViewDelegate.swift */; };
		AFC8E25529335DCD009F9EC9 /* MyNavigationViewModelInterface.swift in Sources */ = {isa = PBXBuildFile; fileRef = AFC8E25429335DCD009F9EC9 /* MyNavigationViewModelInterface.swift */; };
		AFC8E2572933686E009F9EC9 /* UIControl+.swift in Sources */ = {isa = PBXBuildFile; fileRef = AFC8E2562933686E009F9EC9 /* UIControl+.swift */; };
		AFC8E259293368C1009F9EC9 /* DocumentTabsCollectionViewAdaptor.swift in Sources */ = {isa = PBXBuildFile; fileRef = AFC8E258293368C1009F9EC9 /* DocumentTabsCollectionViewAdaptor.swift */; };
		AFC8E25B2933826D009F9EC9 /* TabCell.swift in Sources */ = {isa = PBXBuildFile; fileRef = AFC8E25A2933826D009F9EC9 /* TabCell.swift */; };
		AFC95BA4282E6E49006E9773 /* MyNavigationView.swift in Sources */ = {isa = PBXBuildFile; fileRef = AFC95BA3282E6E49006E9773 /* MyNavigationView.swift */; };
		AFC95BA8282EB4D3006E9773 /* UIButton+.swift in Sources */ = {isa = PBXBuildFile; fileRef = AFC95BA7282EB4D3006E9773 /* UIButton+.swift */; };
		AFCAE25C283A97F300BCB486 /* MyFlowTests.swift in Sources */ = {isa = PBXBuildFile; fileRef = AFCAE25B283A97F300BCB486 /* MyFlowTests.swift */; };
		AFCBEFBF29A250E9005FD84B /* UserDefaultsHelper.swift in Sources */ = {isa = PBXBuildFile; fileRef = AFCBEFBE29A250E9005FD84B /* UserDefaultsHelper.swift */; };
		AFCBEFC529A28098005FD84B /* PlayModeSettingView.swift in Sources */ = {isa = PBXBuildFile; fileRef = AFCBEFC429A28098005FD84B /* PlayModeSettingView.swift */; };
		AFCDB587293122A200E22DEA /* DocumentViewModel.swift in Sources */ = {isa = PBXBuildFile; fileRef = AFCDB586293122A200E22DEA /* DocumentViewModel.swift */; };
		AFCDB58D29326E6C00E22DEA /* DocumentViewStateInterface.swift in Sources */ = {isa = PBXBuildFile; fileRef = AFCDB58C29326E6C00E22DEA /* DocumentViewStateInterface.swift */; };
		AFCDB58F29326EB100E22DEA /* DocumentViewDelegate.swift in Sources */ = {isa = PBXBuildFile; fileRef = AFCDB58E29326EB100E22DEA /* DocumentViewDelegate.swift */; };
		AFCDB59229326ED500E22DEA /* DocumentViewModelInterface.swift in Sources */ = {isa = PBXBuildFile; fileRef = AFCDB59129326ED500E22DEA /* DocumentViewModelInterface.swift */; };
		AFCDB5972932735C00E22DEA /* MainViewController.swift in Sources */ = {isa = PBXBuildFile; fileRef = AFCDB5962932735C00E22DEA /* MainViewController.swift */; };
		AFCDB59A293284A500E22DEA /* MainViewDelegate.swift in Sources */ = {isa = PBXBuildFile; fileRef = AFCDB599293284A500E22DEA /* MainViewDelegate.swift */; };
		AFCDB59C29332B0400E22DEA /* UIView+.swift in Sources */ = {isa = PBXBuildFile; fileRef = AFCDB59B29332B0400E22DEA /* UIView+.swift */; };
		AFCEA35F29F0180C00AD438D /* DrawingTool.swift in Sources */ = {isa = PBXBuildFile; fileRef = AFCEA35E29F0180C00AD438D /* DrawingTool.swift */; };
		AFCEA36229F0185000AD438D /* ToolSettings.swift in Sources */ = {isa = PBXBuildFile; fileRef = AFCEA36129F0185000AD438D /* ToolSettings.swift */; };
		AFCEA36429F0187200AD438D /* HaveColor.swift in Sources */ = {isa = PBXBuildFile; fileRef = AFCEA36329F0187200AD438D /* HaveColor.swift */; };
		AFCEA36629F019D800AD438D /* RadioComponent.swift in Sources */ = {isa = PBXBuildFile; fileRef = AFCEA36529F019D800AD438D /* RadioComponent.swift */; };
		AFCEA36829F01BC500AD438D /* DynamicUserDefaults.swift in Sources */ = {isa = PBXBuildFile; fileRef = AFCEA36729F01BC500AD438D /* DynamicUserDefaults.swift */; };
		AFCEA36A29F01CC500AD438D /* HaveWidth.swift in Sources */ = {isa = PBXBuildFile; fileRef = AFCEA36929F01CC500AD438D /* HaveWidth.swift */; };
		AFCEA36C29F01CD200AD438D /* HaveOpacity.swift in Sources */ = {isa = PBXBuildFile; fileRef = AFCEA36B29F01CD200AD438D /* HaveOpacity.swift */; };
		AFCEA36E29F0294100AD438D /* CALayer+.swift in Sources */ = {isa = PBXBuildFile; fileRef = AFCEA36D29F0294100AD438D /* CALayer+.swift */; };
		AFCEA37029F029F600AD438D /* RadioComponetWrapperView.swift in Sources */ = {isa = PBXBuildFile; fileRef = AFCEA36F29F029F600AD438D /* RadioComponetWrapperView.swift */; };
		AFD6DE322833B99800E9FA5E /* PointHelper.swift in Sources */ = {isa = PBXBuildFile; fileRef = AFD6DE312833B99800E9FA5E /* PointHelper.swift */; };
		AFE6C78D28487DD4003C4580 /* MyPDFView.swift in Sources */ = {isa = PBXBuildFile; fileRef = AFE6C78C28487DD4003C4580 /* MyPDFView.swift */; };
		AFEC944B296C422B00B5BEBF /* SceneDelegate.swift in Sources */ = {isa = PBXBuildFile; fileRef = AFEC944A296C422B00B5BEBF /* SceneDelegate.swift */; };
		AFEC944D296C923D00B5BEBF /* PdfView+.swift in Sources */ = {isa = PBXBuildFile; fileRef = AFEC944C296C923D00B5BEBF /* PdfView+.swift */; };
		AFEC9450296EEF8000B5BEBF /* MyLogger.swift in Sources */ = {isa = PBXBuildFile; fileRef = AFEC944F296EEF8000B5BEBF /* MyLogger.swift */; };
		AFED0CC82844C25400FD177D /* MoveStrategy.swift in Sources */ = {isa = PBXBuildFile; fileRef = AFED0CC72844C25400FD177D /* MoveStrategy.swift */; };
		AFF8DA80282F65F8005F0DED /* MyConstants.swift in Sources */ = {isa = PBXBuildFile; fileRef = AFF8DA7F282F65F8005F0DED /* MyConstants.swift */; };
		AFF8DA82282FDE20005F0DED /* UIBezierPath+.swift in Sources */ = {isa = PBXBuildFile; fileRef = AFF8DA81282FDE20005F0DED /* UIBezierPath+.swift */; };
/* End PBXBuildFile section */

/* Begin PBXContainerItemProxy section */
		AFCAE25D283A97F300BCB486 /* PBXContainerItemProxy */ = {
			isa = PBXContainerItemProxy;
			containerPortal = AF8EDF73282E3F7A00CCFF19 /* Project object */;
			proxyType = 1;
			remoteGlobalIDString = AF8EDF7A282E3F7A00CCFF19;
			remoteInfo = MyFlow;
		};
/* End PBXContainerItemProxy section */

/* Begin PBXFileReference section */
		12557F259FCE95C3D038CFF7 /* Pods_MyFlowTests.framework */ = {isa = PBXFileReference; explicitFileType = wrapper.framework; includeInIndex = 0; path = Pods_MyFlowTests.framework; sourceTree = BUILT_PRODUCTS_DIR; };
		72830817BE64C5FD7A97FEFE /* Pods-MyFlow.debug.xcconfig */ = {isa = PBXFileReference; includeInIndex = 1; lastKnownFileType = text.xcconfig; name = "Pods-MyFlow.debug.xcconfig"; path = "Target Support Files/Pods-MyFlow/Pods-MyFlow.debug.xcconfig"; sourceTree = "<group>"; };
		8C90261A3B6F029D0A3C9123 /* Pods-MyFlow.release.xcconfig */ = {isa = PBXFileReference; includeInIndex = 1; lastKnownFileType = text.xcconfig; name = "Pods-MyFlow.release.xcconfig"; path = "Target Support Files/Pods-MyFlow/Pods-MyFlow.release.xcconfig"; sourceTree = "<group>"; };
		AE5AF18F3489F07A8DE9ECAF /* Pods-MyFlowTests.debug.xcconfig */ = {isa = PBXFileReference; includeInIndex = 1; lastKnownFileType = text.xcconfig; name = "Pods-MyFlowTests.debug.xcconfig"; path = "Target Support Files/Pods-MyFlowTests/Pods-MyFlowTests.debug.xcconfig"; sourceTree = "<group>"; };
		AF1B76D12986A414002D9BAE /* UserActivityHelper.swift */ = {isa = PBXFileReference; lastKnownFileType = sourcecode.swift; path = UserActivityHelper.swift; sourceTree = "<group>"; };
		AF1B76D32986C399002D9BAE /* URL+.swift */ = {isa = PBXFileReference; lastKnownFileType = sourcecode.swift; path = "URL+.swift"; sourceTree = "<group>"; };
		AF1B76D62986C3F1002D9BAE /* MyUserActivity.swift */ = {isa = PBXFileReference; lastKnownFileType = sourcecode.swift; path = MyUserActivity.swift; sourceTree = "<group>"; };
		AF255AA0283E809E00747FF3 /* UIDevice+.swift */ = {isa = PBXFileReference; lastKnownFileType = sourcecode.swift; path = "UIDevice+.swift"; sourceTree = "<group>"; };
		AF255AA2283E843A00747FF3 /* AddPointsModalViewController.swift */ = {isa = PBXFileReference; lastKnownFileType = sourcecode.swift; path = AddPointsModalViewController.swift; sourceTree = "<group>"; };
		AF255AA4283E95C900747FF3 /* ThumbnailCell.swift */ = {isa = PBXFileReference; lastKnownFileType = sourcecode.swift; path = ThumbnailCell.swift; sourceTree = "<group>"; };
		AF2A9AC928615C2200D0BB24 /* DeleteCommand.swift */ = {isa = PBXFileReference; lastKnownFileType = sourcecode.swift; path = DeleteCommand.swift; sourceTree = "<group>"; };
		AF2F1A10293DB5B90005E4B9 /* MainViewModel.swift */ = {isa = PBXFileReference; lastKnownFileType = sourcecode.swift; path = MainViewModel.swift; sourceTree = "<group>"; };
		AF2F1A14294B379A0005E4B9 /* MainViewModelInterface.swift */ = {isa = PBXFileReference; lastKnownFileType = sourcecode.swift; path = MainViewModelInterface.swift; sourceTree = "<group>"; };
		AF3C3F962843C0C2007ED4F9 /* PlayModeState.swift */ = {isa = PBXFileReference; lastKnownFileType = sourcecode.swift; path = PlayModeState.swift; sourceTree = "<group>"; };
		AF3D083029A1187600C26566 /* UITapGestureRecognizer+.swift */ = {isa = PBXFileReference; lastKnownFileType = sourcecode.swift; path = "UITapGestureRecognizer+.swift"; sourceTree = "<group>"; };
		AF3D083429A118BD00C26566 /* MoveStrategyAnimationView.swift */ = {isa = PBXFileReference; lastKnownFileType = sourcecode.swift; path = MoveStrategyAnimationView.swift; sourceTree = "<group>"; };
		AF3D083629A118F000C26566 /* MoveStrategySettingView.swift */ = {isa = PBXFileReference; lastKnownFileType = sourcecode.swift; path = MoveStrategySettingView.swift; sourceTree = "<group>"; };
		AF3D083A29A1198500C26566 /* RadioButtons.swift */ = {isa = PBXFileReference; lastKnownFileType = sourcecode.swift; path = RadioButtons.swift; sourceTree = "<group>"; };
		AF3D083C29A119B700C26566 /* RadioButton.swift */ = {isa = PBXFileReference; lastKnownFileType = sourcecode.swift; path = RadioButton.swift; sourceTree = "<group>"; };
		AF58533829A744A500C7D6B0 /* UIApplication+.swift */ = {isa = PBXFileReference; lastKnownFileType = sourcecode.swift; path = "UIApplication+.swift"; sourceTree = "<group>"; };
		AF58AF7129A13D2F00EFD8A4 /* AnimatableView.swift */ = {isa = PBXFileReference; lastKnownFileType = sourcecode.swift; path = AnimatableView.swift; sourceTree = "<group>"; };
		AF58AF7429A13D6B00EFD8A4 /* SettingViewStyle.swift */ = {isa = PBXFileReference; lastKnownFileType = sourcecode.swift; path = SettingViewStyle.swift; sourceTree = "<group>"; };
		AF58AF7629A13DD200EFD8A4 /* ExpandableSettingViewStyle.swift */ = {isa = PBXFileReference; lastKnownFileType = sourcecode.swift; path = ExpandableSettingViewStyle.swift; sourceTree = "<group>"; };
		AF58AF7829A1F24B00EFD8A4 /* RadioButtonShape.swift */ = {isa = PBXFileReference; lastKnownFileType = sourcecode.swift; path = RadioButtonShape.swift; sourceTree = "<group>"; };
		AF58AF7A29A1F3A400EFD8A4 /* UILabel+.swift */ = {isa = PBXFileReference; lastKnownFileType = sourcecode.swift; path = "UILabel+.swift"; sourceTree = "<group>"; };
		AF65F78F292E4E5F0005D9AF /* FileHelper.swift */ = {isa = PBXFileReference; lastKnownFileType = sourcecode.swift; path = FileHelper.swift; sourceTree = "<group>"; };
		AF66424D2A2F5352009F67D1 /* ThumbnailCellView.swift */ = {isa = PBXFileReference; lastKnownFileType = sourcecode.swift; path = ThumbnailCellView.swift; sourceTree = "<group>"; };
		AF66424F2A2F5373009F67D1 /* ThumbnailCollectionView.swift */ = {isa = PBXFileReference; lastKnownFileType = sourcecode.swift; path = ThumbnailCollectionView.swift; sourceTree = "<group>"; };
		AF77AC8F29AB48F9007CC495 /* NormalState.swift */ = {isa = PBXFileReference; lastKnownFileType = sourcecode.swift; path = NormalState.swift; sourceTree = "<group>"; };
		AF77AC9129AB4913007CC495 /* HandlePointsState.swift */ = {isa = PBXFileReference; lastKnownFileType = sourcecode.swift; path = HandlePointsState.swift; sourceTree = "<group>"; };
		AF77AC9329AB4929007CC495 /* AddPointsState.swift */ = {isa = PBXFileReference; lastKnownFileType = sourcecode.swift; path = AddPointsState.swift; sourceTree = "<group>"; };
		AF8936B92836655C001031FC /* PointBuilder.swift */ = {isa = PBXFileReference; lastKnownFileType = sourcecode.swift; path = PointBuilder.swift; sourceTree = "<group>"; };
		AF8936BB28367FD2001031FC /* MyError.swift */ = {isa = PBXFileReference; lastKnownFileType = sourcecode.swift; path = MyError.swift; sourceTree = "<group>"; };
		AF8EDF7B282E3F7A00CCFF19 /* MyFlow.app */ = {isa = PBXFileReference; explicitFileType = wrapper.application; includeInIndex = 0; path = MyFlow.app; sourceTree = BUILT_PRODUCTS_DIR; };
		AF8EDF7E282E3F7A00CCFF19 /* AppDelegate.swift */ = {isa = PBXFileReference; lastKnownFileType = sourcecode.swift; path = AppDelegate.swift; sourceTree = "<group>"; };
		AF8EDF80282E3F7A00CCFF19 /* DocumentBrowserViewController.swift */ = {isa = PBXFileReference; lastKnownFileType = sourcecode.swift; path = DocumentBrowserViewController.swift; sourceTree = "<group>"; };
		AF8EDF82282E3F7A00CCFF19 /* DocumentViewController.swift */ = {isa = PBXFileReference; lastKnownFileType = sourcecode.swift; path = DocumentViewController.swift; sourceTree = "<group>"; };
		AF8EDF84282E3F7A00CCFF19 /* Document.swift */ = {isa = PBXFileReference; lastKnownFileType = sourcecode.swift; path = Document.swift; sourceTree = "<group>"; };
		AF8EDF87282E3F7A00CCFF19 /* Base */ = {isa = PBXFileReference; lastKnownFileType = file.storyboard; name = Base; path = Base.lproj/Main.storyboard; sourceTree = "<group>"; };
		AF8EDF89282E3F7B00CCFF19 /* Assets.xcassets */ = {isa = PBXFileReference; lastKnownFileType = folder.assetcatalog; path = Assets.xcassets; sourceTree = "<group>"; };
		AF8EDF8C282E3F7B00CCFF19 /* Base */ = {isa = PBXFileReference; lastKnownFileType = file.storyboard; name = Base; path = Base.lproj/LaunchScreen.storyboard; sourceTree = "<group>"; };
		AF8EDF8E282E3F7B00CCFF19 /* Info.plist */ = {isa = PBXFileReference; lastKnownFileType = text.plist.xml; path = Info.plist; sourceTree = "<group>"; };
		AF91FB1B29A3578F00E161AC /* LineViewStyle.swift */ = {isa = PBXFileReference; lastKnownFileType = sourcecode.swift; path = LineViewStyle.swift; sourceTree = "<group>"; };
		AF91FB1E29A357C500E161AC /* HorizontalLineView.swift */ = {isa = PBXFileReference; lastKnownFileType = sourcecode.swift; path = HorizontalLineView.swift; sourceTree = "<group>"; };
		AF91FB2029A357DC00E161AC /* VerticalLineView.swift */ = {isa = PBXFileReference; lastKnownFileType = sourcecode.swift; path = VerticalLineView.swift; sourceTree = "<group>"; };
		AF91FB2229A3C34500E161AC /* UIStackView+.swift */ = {isa = PBXFileReference; lastKnownFileType = sourcecode.swift; path = "UIStackView+.swift"; sourceTree = "<group>"; };
		AF91FB2429A3CA1300E161AC /* SettingStackCell.swift */ = {isa = PBXFileReference; lastKnownFileType = sourcecode.swift; path = SettingStackCell.swift; sourceTree = "<group>"; };
		AF91FB2629A3DFFE00E161AC /* AnimatableGradientBackground.swift */ = {isa = PBXFileReference; lastKnownFileType = sourcecode.swift; path = AnimatableGradientBackground.swift; sourceTree = "<group>"; };
		AF91FB2829A3E06700E161AC /* PlayModeTapAreaSettingView.swift */ = {isa = PBXFileReference; lastKnownFileType = sourcecode.swift; path = PlayModeTapAreaSettingView.swift; sourceTree = "<group>"; };
		AF91FB2E29A3E21600E161AC /* ToggleableButton.swift */ = {isa = PBXFileReference; lastKnownFileType = sourcecode.swift; path = ToggleableButton.swift; sourceTree = "<group>"; };
		AF91FB3029A4EFBB00E161AC /* UIImage+.swift */ = {isa = PBXFileReference; lastKnownFileType = sourcecode.swift; path = "UIImage+.swift"; sourceTree = "<group>"; };
		AF98A382283291560035601D /* comic_andy.ttf */ = {isa = PBXFileReference; lastKnownFileType = file; path = comic_andy.ttf; sourceTree = "<group>"; };
		AF98A384283291620035601D /* Fonarto.ttf */ = {isa = PBXFileReference; lastKnownFileType = file; path = Fonarto.ttf; sourceTree = "<group>"; };
		AF98A386283297810035601D /* Fonarto XT.ttf */ = {isa = PBXFileReference; lastKnownFileType = file; path = "Fonarto XT.ttf"; sourceTree = "<group>"; };
		AF98A3892832A6380035601D /* String+.swift */ = {isa = PBXFileReference; lastKnownFileType = sourcecode.swift; path = "String+.swift"; sourceTree = "<group>"; };
		AF98A38B2832A6590035601D /* UIFont+.swift */ = {isa = PBXFileReference; lastKnownFileType = sourcecode.swift; path = "UIFont+.swift"; sourceTree = "<group>"; };
		AF98A38D2832A6760035601D /* UIColor+.swift */ = {isa = PBXFileReference; lastKnownFileType = sourcecode.swift; path = "UIColor+.swift"; sourceTree = "<group>"; };
		AFAB47B628477E060034515A /* PointCommand.swift */ = {isa = PBXFileReference; lastKnownFileType = sourcecode.swift; path = PointCommand.swift; sourceTree = "<group>"; };
		AFAB47B8284795780034515A /* PointMemento.swift */ = {isa = PBXFileReference; lastKnownFileType = sourcecode.swift; path = PointMemento.swift; sourceTree = "<group>"; };
		AFAB47BA28479F6F0034515A /* PointCommandHistory.swift */ = {isa = PBXFileReference; lastKnownFileType = sourcecode.swift; path = PointCommandHistory.swift; sourceTree = "<group>"; };
		AFAB47BC28479F9D0034515A /* UndoRedoHistory.swift */ = {isa = PBXFileReference; lastKnownFileType = sourcecode.swift; path = UndoRedoHistory.swift; sourceTree = "<group>"; };
		AFAB47BF2847A0830034515A /* AddCommand.swift */ = {isa = PBXFileReference; lastKnownFileType = sourcecode.swift; path = AddCommand.swift; sourceTree = "<group>"; };
		AFAB47C52847B26B0034515A /* MoveCommand.swift */ = {isa = PBXFileReference; lastKnownFileType = sourcecode.swift; path = MoveCommand.swift; sourceTree = "<group>"; };
		AFAB47C72847BC050034515A /* PointHelperMemento.swift */ = {isa = PBXFileReference; lastKnownFileType = sourcecode.swift; path = PointHelperMemento.swift; sourceTree = "<group>"; };
		AFB458B729A6456C00FF310D /* TrueDepthThresholdSettingView.swift */ = {isa = PBXFileReference; lastKnownFileType = sourcecode.swift; path = TrueDepthThresholdSettingView.swift; sourceTree = "<group>"; };
		AFBAB8D229A60DB00025A0E7 /* AlertMaker.swift */ = {isa = PBXFileReference; lastKnownFileType = sourcecode.swift; path = AlertMaker.swift; sourceTree = "<group>"; };
		AFBAB8D529A60EBE0025A0E7 /* TrueDepthHelper.swift */ = {isa = PBXFileReference; lastKnownFileType = sourcecode.swift; path = TrueDepthHelper.swift; sourceTree = "<group>"; };
		AFC7A328299CC0DA008E906D /* SettingsView.swift */ = {isa = PBXFileReference; lastKnownFileType = sourcecode.swift; path = SettingsView.swift; sourceTree = "<group>"; };
		AFC8E24529333A4A009F9EC9 /* NowPointView.swift */ = {isa = PBXFileReference; lastKnownFileType = sourcecode.swift; path = NowPointView.swift; sourceTree = "<group>"; };
		AFC8E2472933439F009F9EC9 /* UndoRedoArea.swift */ = {isa = PBXFileReference; lastKnownFileType = sourcecode.swift; path = UndoRedoArea.swift; sourceTree = "<group>"; };
		AFC8E249293345F2009F9EC9 /* PointsArea.swift */ = {isa = PBXFileReference; lastKnownFileType = sourcecode.swift; path = PointsArea.swift; sourceTree = "<group>"; };
		AFC8E24B29334C8A009F9EC9 /* MovingArea.swift */ = {isa = PBXFileReference; lastKnownFileType = sourcecode.swift; path = MovingArea.swift; sourceTree = "<group>"; };
		AFC8E24E29335431009F9EC9 /* MyNavigationViewModel.swift */ = {isa = PBXFileReference; lastKnownFileType = sourcecode.swift; path = MyNavigationViewModel.swift; sourceTree = "<group>"; };
		AFC8E25229335DAF009F9EC9 /* MyNavigationViewDelegate.swift */ = {isa = PBXFileReference; lastKnownFileType = sourcecode.swift; path = MyNavigationViewDelegate.swift; sourceTree = "<group>"; };
		AFC8E25429335DCD009F9EC9 /* MyNavigationViewModelInterface.swift */ = {isa = PBXFileReference; lastKnownFileType = sourcecode.swift; path = MyNavigationViewModelInterface.swift; sourceTree = "<group>"; };
		AFC8E2562933686E009F9EC9 /* UIControl+.swift */ = {isa = PBXFileReference; lastKnownFileType = sourcecode.swift; path = "UIControl+.swift"; sourceTree = "<group>"; };
		AFC8E258293368C1009F9EC9 /* DocumentTabsCollectionViewAdaptor.swift */ = {isa = PBXFileReference; lastKnownFileType = sourcecode.swift; path = DocumentTabsCollectionViewAdaptor.swift; sourceTree = "<group>"; };
		AFC8E25A2933826D009F9EC9 /* TabCell.swift */ = {isa = PBXFileReference; lastKnownFileType = sourcecode.swift; path = TabCell.swift; sourceTree = "<group>"; };
		AFC95BA3282E6E49006E9773 /* MyNavigationView.swift */ = {isa = PBXFileReference; lastKnownFileType = sourcecode.swift; path = MyNavigationView.swift; sourceTree = "<group>"; };
		AFC95BA7282EB4D3006E9773 /* UIButton+.swift */ = {isa = PBXFileReference; lastKnownFileType = sourcecode.swift; path = "UIButton+.swift"; sourceTree = "<group>"; };
		AFCAE259283A97F300BCB486 /* MyFlowTests.xctest */ = {isa = PBXFileReference; explicitFileType = wrapper.cfbundle; includeInIndex = 0; path = MyFlowTests.xctest; sourceTree = BUILT_PRODUCTS_DIR; };
		AFCAE25B283A97F300BCB486 /* MyFlowTests.swift */ = {isa = PBXFileReference; lastKnownFileType = sourcecode.swift; path = MyFlowTests.swift; sourceTree = "<group>"; };
		AFCBEFBE29A250E9005FD84B /* UserDefaultsHelper.swift */ = {isa = PBXFileReference; lastKnownFileType = sourcecode.swift; path = UserDefaultsHelper.swift; sourceTree = "<group>"; };
		AFCBEFC429A28098005FD84B /* PlayModeSettingView.swift */ = {isa = PBXFileReference; lastKnownFileType = sourcecode.swift; path = PlayModeSettingView.swift; sourceTree = "<group>"; };
		AFCDB586293122A200E22DEA /* DocumentViewModel.swift */ = {isa = PBXFileReference; lastKnownFileType = sourcecode.swift; path = DocumentViewModel.swift; sourceTree = "<group>"; };
		AFCDB58C29326E6C00E22DEA /* DocumentViewStateInterface.swift */ = {isa = PBXFileReference; lastKnownFileType = sourcecode.swift; path = DocumentViewStateInterface.swift; sourceTree = "<group>"; };
		AFCDB58E29326EB100E22DEA /* DocumentViewDelegate.swift */ = {isa = PBXFileReference; lastKnownFileType = sourcecode.swift; path = DocumentViewDelegate.swift; sourceTree = "<group>"; };
		AFCDB59129326ED500E22DEA /* DocumentViewModelInterface.swift */ = {isa = PBXFileReference; lastKnownFileType = sourcecode.swift; path = DocumentViewModelInterface.swift; sourceTree = "<group>"; };
		AFCDB5962932735C00E22DEA /* MainViewController.swift */ = {isa = PBXFileReference; lastKnownFileType = sourcecode.swift; path = MainViewController.swift; sourceTree = "<group>"; };
		AFCDB599293284A500E22DEA /* MainViewDelegate.swift */ = {isa = PBXFileReference; lastKnownFileType = sourcecode.swift; path = MainViewDelegate.swift; sourceTree = "<group>"; };
		AFCDB59B29332B0400E22DEA /* UIView+.swift */ = {isa = PBXFileReference; lastKnownFileType = sourcecode.swift; path = "UIView+.swift"; sourceTree = "<group>"; };
		AFCEA35E29F0180C00AD438D /* DrawingTool.swift */ = {isa = PBXFileReference; lastKnownFileType = sourcecode.swift; path = DrawingTool.swift; sourceTree = "<group>"; };
		AFCEA36129F0185000AD438D /* ToolSettings.swift */ = {isa = PBXFileReference; lastKnownFileType = sourcecode.swift; path = ToolSettings.swift; sourceTree = "<group>"; };
		AFCEA36329F0187200AD438D /* HaveColor.swift */ = {isa = PBXFileReference; lastKnownFileType = sourcecode.swift; path = HaveColor.swift; sourceTree = "<group>"; };
		AFCEA36529F019D800AD438D /* RadioComponent.swift */ = {isa = PBXFileReference; lastKnownFileType = sourcecode.swift; path = RadioComponent.swift; sourceTree = "<group>"; };
		AFCEA36729F01BC500AD438D /* DynamicUserDefaults.swift */ = {isa = PBXFileReference; lastKnownFileType = sourcecode.swift; path = DynamicUserDefaults.swift; sourceTree = "<group>"; };
		AFCEA36929F01CC500AD438D /* HaveWidth.swift */ = {isa = PBXFileReference; lastKnownFileType = sourcecode.swift; path = HaveWidth.swift; sourceTree = "<group>"; };
		AFCEA36B29F01CD200AD438D /* HaveOpacity.swift */ = {isa = PBXFileReference; lastKnownFileType = sourcecode.swift; path = HaveOpacity.swift; sourceTree = "<group>"; };
		AFCEA36D29F0294100AD438D /* CALayer+.swift */ = {isa = PBXFileReference; lastKnownFileType = sourcecode.swift; path = "CALayer+.swift"; sourceTree = "<group>"; };
		AFCEA36F29F029F600AD438D /* RadioComponetWrapperView.swift */ = {isa = PBXFileReference; lastKnownFileType = sourcecode.swift; path = RadioComponetWrapperView.swift; sourceTree = "<group>"; };
		AFD6DE312833B99800E9FA5E /* PointHelper.swift */ = {isa = PBXFileReference; lastKnownFileType = sourcecode.swift; path = PointHelper.swift; sourceTree = "<group>"; };
		AFE6C78C28487DD4003C4580 /* MyPDFView.swift */ = {isa = PBXFileReference; lastKnownFileType = sourcecode.swift; path = MyPDFView.swift; sourceTree = "<group>"; };
		AFEC944A296C422B00B5BEBF /* SceneDelegate.swift */ = {isa = PBXFileReference; lastKnownFileType = sourcecode.swift; path = SceneDelegate.swift; sourceTree = "<group>"; };
		AFEC944C296C923D00B5BEBF /* PdfView+.swift */ = {isa = PBXFileReference; lastKnownFileType = sourcecode.swift; path = "PdfView+.swift"; sourceTree = "<group>"; };
		AFEC944F296EEF8000B5BEBF /* MyLogger.swift */ = {isa = PBXFileReference; lastKnownFileType = sourcecode.swift; path = MyLogger.swift; sourceTree = "<group>"; };
		AFED0CC72844C25400FD177D /* MoveStrategy.swift */ = {isa = PBXFileReference; lastKnownFileType = sourcecode.swift; path = MoveStrategy.swift; sourceTree = "<group>"; };
		AFF8DA7F282F65F8005F0DED /* MyConstants.swift */ = {isa = PBXFileReference; lastKnownFileType = sourcecode.swift; path = MyConstants.swift; sourceTree = "<group>"; };
		AFF8DA81282FDE20005F0DED /* UIBezierPath+.swift */ = {isa = PBXFileReference; lastKnownFileType = sourcecode.swift; path = "UIBezierPath+.swift"; sourceTree = "<group>"; };
		F29E0F658105FB87AA1F90FB /* Pods_MyFlow.framework */ = {isa = PBXFileReference; explicitFileType = wrapper.framework; includeInIndex = 0; path = Pods_MyFlow.framework; sourceTree = BUILT_PRODUCTS_DIR; };
		FF8D75CDC8806C5C7B215083 /* Pods-MyFlowTests.release.xcconfig */ = {isa = PBXFileReference; includeInIndex = 1; lastKnownFileType = text.xcconfig; name = "Pods-MyFlowTests.release.xcconfig"; path = "Target Support Files/Pods-MyFlowTests/Pods-MyFlowTests.release.xcconfig"; sourceTree = "<group>"; };
/* End PBXFileReference section */

/* Begin PBXFrameworksBuildPhase section */
		AF8EDF78282E3F7A00CCFF19 /* Frameworks */ = {
			isa = PBXFrameworksBuildPhase;
			buildActionMask = 2147483647;
			files = (
				5A64057F6052DD8B2D450EEF /* Pods_MyFlow.framework in Frameworks */,
			);
			runOnlyForDeploymentPostprocessing = 0;
		};
		AFCAE256283A97F300BCB486 /* Frameworks */ = {
			isa = PBXFrameworksBuildPhase;
			buildActionMask = 2147483647;
			files = (
				73894CB62959C9438C6F0780 /* Pods_MyFlowTests.framework in Frameworks */,
			);
			runOnlyForDeploymentPostprocessing = 0;
		};
/* End PBXFrameworksBuildPhase section */

/* Begin PBXGroup section */
		AF1B76D52986C3DE002D9BAE /* UserActivityHelper */ = {
			isa = PBXGroup;
			children = (
				AF1B76D12986A414002D9BAE /* UserActivityHelper.swift */,
				AF1B76D62986C3F1002D9BAE /* MyUserActivity.swift */,
			);
			path = UserActivityHelper;
			sourceTree = "<group>";
		};
		AF2F1A12294B376B0005E4B9 /* MainView */ = {
			isa = PBXGroup;
			children = (
				AFCDB599293284A500E22DEA /* MainViewDelegate.swift */,
				AFCDB5962932735C00E22DEA /* MainViewController.swift */,
			);
			path = MainView;
			sourceTree = "<group>";
		};
		AF2F1A13294B37780005E4B9 /* MainView */ = {
			isa = PBXGroup;
			children = (
				AF2F1A14294B379A0005E4B9 /* MainViewModelInterface.swift */,
				AF2F1A10293DB5B90005E4B9 /* MainViewModel.swift */,
			);
			path = MainView;
			sourceTree = "<group>";
		};
		AF3D083229A118A500C26566 /* Subviews */ = {
			isa = PBXGroup;
			children = (
				AF3D083329A118B200C26566 /* MoveStrategySettingView */,
				AFCBEFC329A2807E005FD84B /* PlayModeSettingView */,
			);
			path = Subviews;
			sourceTree = "<group>";
		};
		AF3D083329A118B200C26566 /* MoveStrategySettingView */ = {
			isa = PBXGroup;
			children = (
				AF3D083629A118F000C26566 /* MoveStrategySettingView.swift */,
				AF3D083429A118BD00C26566 /* MoveStrategyAnimationView.swift */,
			);
			path = MoveStrategySettingView;
			sourceTree = "<group>";
		};
		AF3D083829A1197000C26566 /* UIComponents */ = {
			isa = PBXGroup;
			children = (
				AF58AF7329A13D5E00EFD8A4 /* SettingViews */,
				AF3D083E29A13D0400C26566 /* Protocols */,
				AF3D083929A1197900C26566 /* RadioButtons */,
				AF91FB2E29A3E21600E161AC /* ToggleableButton.swift */,
			);
			path = UIComponents;
			sourceTree = "<group>";
		};
		AF3D083929A1197900C26566 /* RadioButtons */ = {
			isa = PBXGroup;
			children = (
				AFCEA36529F019D800AD438D /* RadioComponent.swift */,
				AF3D083A29A1198500C26566 /* RadioButtons.swift */,
				AF3D083C29A119B700C26566 /* RadioButton.swift */,
				AF58AF7829A1F24B00EFD8A4 /* RadioButtonShape.swift */,
				AFCEA36F29F029F600AD438D /* RadioComponetWrapperView.swift */,
			);
			path = RadioButtons;
			sourceTree = "<group>";
		};
		AF3D083E29A13D0400C26566 /* Protocols */ = {
			isa = PBXGroup;
			children = (
				AF58AF7129A13D2F00EFD8A4 /* AnimatableView.swift */,
				AF91FB2629A3DFFE00E161AC /* AnimatableGradientBackground.swift */,
			);
			path = Protocols;
			sourceTree = "<group>";
		};
		AF58AF7329A13D5E00EFD8A4 /* SettingViews */ = {
			isa = PBXGroup;
			children = (
				AF58AF7429A13D6B00EFD8A4 /* SettingViewStyle.swift */,
				AF58AF7629A13DD200EFD8A4 /* ExpandableSettingViewStyle.swift */,
				AF91FB1D29A357AC00E161AC /* LineViewStyle */,
				AF91FB2429A3CA1300E161AC /* SettingStackCell.swift */,
			);
			path = SettingViews;
			sourceTree = "<group>";
		};
		AF65F78E292E4E4D0005D9AF /* FileHelper */ = {
			isa = PBXGroup;
			children = (
				AF65F78F292E4E5F0005D9AF /* FileHelper.swift */,
			);
			path = FileHelper;
			sourceTree = "<group>";
		};
		AF8EDF72282E3F7A00CCFF19 = {
			isa = PBXGroup;
			children = (
				AF98A381283291310035601D /* Fonts */,
				AF8EDF7D282E3F7A00CCFF19 /* MyFlow */,
				AFCAE25A283A97F300BCB486 /* MyFlowTests */,
				AF8EDF7C282E3F7A00CCFF19 /* Products */,
				FD7F7BE189D70E1DACD3E0C3 /* Pods */,
				F01107C7CE67F05F784421B8 /* Frameworks */,
			);
			sourceTree = "<group>";
		};
		AF8EDF7C282E3F7A00CCFF19 /* Products */ = {
			isa = PBXGroup;
			children = (
				AF8EDF7B282E3F7A00CCFF19 /* MyFlow.app */,
				AFCAE259283A97F300BCB486 /* MyFlowTests.xctest */,
			);
			name = Products;
			sourceTree = "<group>";
		};
		AF8EDF7D282E3F7A00CCFF19 /* MyFlow */ = {
			isa = PBXGroup;
			children = (
				AF3D083829A1197000C26566 /* UIComponents */,
				AFE0A8DD2970137A00EDCBBC /* Views */,
				AFE0A8DC2970135500EDCBBC /* ViewModels */,
				AFEC944E296EEF6400B5BEBF /* Utilities */,
				AFCDB58A29326E0200E22DEA /* DocumentView */,
				AF98A3882832A6140035601D /* MyExtensions */,
				AF8EDF7E282E3F7A00CCFF19 /* AppDelegate.swift */,
				AFEC944A296C422B00B5BEBF /* SceneDelegate.swift */,
				AFF8DA7F282F65F8005F0DED /* MyConstants.swift */,
				AF8EDF86282E3F7A00CCFF19 /* Main.storyboard */,
				AF8EDF89282E3F7B00CCFF19 /* Assets.xcassets */,
				AF8EDF8B282E3F7B00CCFF19 /* LaunchScreen.storyboard */,
				AF8EDF8E282E3F7B00CCFF19 /* Info.plist */,
			);
			path = MyFlow;
			sourceTree = "<group>";
		};
		AF91FB1D29A357AC00E161AC /* LineViewStyle */ = {
			isa = PBXGroup;
			children = (
				AF91FB1B29A3578F00E161AC /* LineViewStyle.swift */,
				AF91FB1E29A357C500E161AC /* HorizontalLineView.swift */,
				AF91FB2029A357DC00E161AC /* VerticalLineView.swift */,
			);
			path = LineViewStyle;
			sourceTree = "<group>";
		};
		AF98A381283291310035601D /* Fonts */ = {
			isa = PBXGroup;
			children = (
				AF98A382283291560035601D /* comic_andy.ttf */,
				AF98A384283291620035601D /* Fonarto.ttf */,
				AF98A386283297810035601D /* Fonarto XT.ttf */,
			);
			path = Fonts;
			sourceTree = "<group>";
		};
		AF98A3882832A6140035601D /* MyExtensions */ = {
			isa = PBXGroup;
			children = (
				AFC95BA7282EB4D3006E9773 /* UIButton+.swift */,
				AF58AF7A29A1F3A400EFD8A4 /* UILabel+.swift */,
				AF98A3892832A6380035601D /* String+.swift */,
				AF98A38B2832A6590035601D /* UIFont+.swift */,
				AF98A38D2832A6760035601D /* UIColor+.swift */,
				AFF8DA81282FDE20005F0DED /* UIBezierPath+.swift */,
				AF255AA0283E809E00747FF3 /* UIDevice+.swift */,
				AFCDB59B29332B0400E22DEA /* UIView+.swift */,
				AFC8E2562933686E009F9EC9 /* UIControl+.swift */,
				AFEC944C296C923D00B5BEBF /* PdfView+.swift */,
				AF1B76D32986C399002D9BAE /* URL+.swift */,
				AF3D083029A1187600C26566 /* UITapGestureRecognizer+.swift */,
				AF91FB2229A3C34500E161AC /* UIStackView+.swift */,
				AF91FB3029A4EFBB00E161AC /* UIImage+.swift */,
				AF58533829A744A500C7D6B0 /* UIApplication+.swift */,
				AFCEA36D29F0294100AD438D /* CALayer+.swift */,
			);
			path = MyExtensions;
			sourceTree = "<group>";
		};
		AFAB47BE2847A06D0034515A /* PointCommand */ = {
			isa = PBXGroup;
			children = (
				AFAB47B628477E060034515A /* PointCommand.swift */,
				AFAB47BF2847A0830034515A /* AddCommand.swift */,
				AFAB47C52847B26B0034515A /* MoveCommand.swift */,
				AF2A9AC928615C2200D0BB24 /* DeleteCommand.swift */,
			);
			path = PointCommand;
			sourceTree = "<group>";
		};
		AFAB47C12847A0AA0034515A /* CommandHistory */ = {
			isa = PBXGroup;
			children = (
				AFAB47BA28479F6F0034515A /* PointCommandHistory.swift */,
				AFAB47BC28479F9D0034515A /* UndoRedoHistory.swift */,
			);
			path = CommandHistory;
			sourceTree = "<group>";
		};
		AFAB47C22847A0C30034515A /* Memento */ = {
			isa = PBXGroup;
			children = (
				AFAB47B8284795780034515A /* PointMemento.swift */,
				AFAB47C72847BC050034515A /* PointHelperMemento.swift */,
			);
			path = Memento;
			sourceTree = "<group>";
		};
		AFBAB8D429A60EB10025A0E7 /* TrueDepthHelper */ = {
			isa = PBXGroup;
			children = (
				AFBAB8D529A60EBE0025A0E7 /* TrueDepthHelper.swift */,
			);
			path = TrueDepthHelper;
			sourceTree = "<group>";
		};
		AFC7A327299CC0CD008E906D /* SettingsView */ = {
			isa = PBXGroup;
			children = (
				AFC7A328299CC0DA008E906D /* SettingsView.swift */,
				AF3D083229A118A500C26566 /* Subviews */,
			);
			path = SettingsView;
			sourceTree = "<group>";
		};
		AFC8E24D29334DFE009F9EC9 /* Subviews */ = {
			isa = PBXGroup;
			children = (
				AFC8E2472933439F009F9EC9 /* UndoRedoArea.swift */,
				AFC8E249293345F2009F9EC9 /* PointsArea.swift */,
				AFC8E24B29334C8A009F9EC9 /* MovingArea.swift */,
				AFC8E24529333A4A009F9EC9 /* NowPointView.swift */,
				AFC8E258293368C1009F9EC9 /* DocumentTabsCollectionViewAdaptor.swift */,
				AFC8E25A2933826D009F9EC9 /* TabCell.swift */,
			);
			path = Subviews;
			sourceTree = "<group>";
		};
		AFC8E25029335D88009F9EC9 /* MyNavigationView */ = {
			isa = PBXGroup;
			children = (
				AFC8E25229335DAF009F9EC9 /* MyNavigationViewDelegate.swift */,
				AFC95BA3282E6E49006E9773 /* MyNavigationView.swift */,
				AFC8E24D29334DFE009F9EC9 /* Subviews */,
			);
			path = MyNavigationView;
			sourceTree = "<group>";
		};
		AFC8E25129335D98009F9EC9 /* MyNavigationView */ = {
			isa = PBXGroup;
			children = (
				AFC8E25429335DCD009F9EC9 /* MyNavigationViewModelInterface.swift */,
				AFC8E24E29335431009F9EC9 /* MyNavigationViewModel.swift */,
			);
			path = MyNavigationView;
			sourceTree = "<group>";
		};
		AFCAE25A283A97F300BCB486 /* MyFlowTests */ = {
			isa = PBXGroup;
			children = (
				AFCAE25B283A97F300BCB486 /* MyFlowTests.swift */,
			);
			path = MyFlowTests;
			sourceTree = "<group>";
		};
		AFCBEFBD29A250D8005FD84B /* UserDefaultsHelper */ = {
			isa = PBXGroup;
			children = (
				AFCBEFBE29A250E9005FD84B /* UserDefaultsHelper.swift */,
				AFCEA36729F01BC500AD438D /* DynamicUserDefaults.swift */,
			);
			path = UserDefaultsHelper;
			sourceTree = "<group>";
		};
		AFCBEFC329A2807E005FD84B /* PlayModeSettingView */ = {
			isa = PBXGroup;
			children = (
				AFCBEFC429A28098005FD84B /* PlayModeSettingView.swift */,
				AF91FB2829A3E06700E161AC /* PlayModeTapAreaSettingView.swift */,
				AFB458B729A6456C00FF310D /* TrueDepthThresholdSettingView.swift */,
			);
			path = PlayModeSettingView;
			sourceTree = "<group>";
		};
		AFCDB58A29326E0200E22DEA /* DocumentView */ = {
			isa = PBXGroup;
			children = (
				AFCDB59329326EF000E22DEA /* MoveStrategy */,
				AFCDB58B29326E5600E22DEA /* States */,
			);
			path = DocumentView;
			sourceTree = "<group>";
		};
		AFCDB58B29326E5600E22DEA /* States */ = {
			isa = PBXGroup;
			children = (
				AFCDB58C29326E6C00E22DEA /* DocumentViewStateInterface.swift */,
				AF77AC8F29AB48F9007CC495 /* NormalState.swift */,
				AF77AC9129AB4913007CC495 /* HandlePointsState.swift */,
				AF77AC9329AB4929007CC495 /* AddPointsState.swift */,
				AF3C3F962843C0C2007ED4F9 /* PlayModeState.swift */,
			);
			path = States;
			sourceTree = "<group>";
		};
		AFCDB59329326EF000E22DEA /* MoveStrategy */ = {
			isa = PBXGroup;
			children = (
				AFED0CC72844C25400FD177D /* MoveStrategy.swift */,
			);
			path = MoveStrategy;
			sourceTree = "<group>";
		};
		AFCDB59429326F7500E22DEA /* DocumentView */ = {
			isa = PBXGroup;
			children = (
				AFCDB58E29326EB100E22DEA /* DocumentViewDelegate.swift */,
				AF8EDF82282E3F7A00CCFF19 /* DocumentViewController.swift */,
				AFE6C78C28487DD4003C4580 /* MyPDFView.swift */,
			);
			path = DocumentView;
			sourceTree = "<group>";
		};
		AFCDB59529326F8100E22DEA /* DocumentView */ = {
			isa = PBXGroup;
			children = (
				AFCDB59129326ED500E22DEA /* DocumentViewModelInterface.swift */,
				AFCDB586293122A200E22DEA /* DocumentViewModel.swift */,
			);
			path = DocumentView;
			sourceTree = "<group>";
		};
		AFCEA35D29F0180100AD438D /* DrawingTools */ = {
			isa = PBXGroup;
			children = (
				AFCEA35E29F0180C00AD438D /* DrawingTool.swift */,
				AFCEA36029F0183E00AD438D /* ToolSettings */,
			);
			path = DrawingTools;
			sourceTree = "<group>";
		};
		AFCEA36029F0183E00AD438D /* ToolSettings */ = {
			isa = PBXGroup;
			children = (
				AFCEA36129F0185000AD438D /* ToolSettings.swift */,
				AFCEA36329F0187200AD438D /* HaveColor.swift */,
				AFCEA36929F01CC500AD438D /* HaveWidth.swift */,
				AFCEA36B29F01CD200AD438D /* HaveOpacity.swift */,
			);
			path = ToolSettings;
			sourceTree = "<group>";
		};
		AFD6DE342833FFFF00E9FA5E /* PointHelper */ = {
			isa = PBXGroup;
			children = (
				AFAB47C22847A0C30034515A /* Memento */,
				AFAB47C12847A0AA0034515A /* CommandHistory */,
				AFAB47BE2847A06D0034515A /* PointCommand */,
				AFD6DE312833B99800E9FA5E /* PointHelper.swift */,
				AF8936B92836655C001031FC /* PointBuilder.swift */,
			);
			path = PointHelper;
			sourceTree = "<group>";
		};
		AFD6DE352834000B00E9FA5E /* DocumentBrowserView */ = {
			isa = PBXGroup;
			children = (
				AF8EDF80282E3F7A00CCFF19 /* DocumentBrowserViewController.swift */,
				AF8EDF84282E3F7A00CCFF19 /* Document.swift */,
			);
			path = DocumentBrowserView;
			sourceTree = "<group>";
		};
		AFE0A8DC2970135500EDCBBC /* ViewModels */ = {
			isa = PBXGroup;
			children = (
				AF2F1A13294B37780005E4B9 /* MainView */,
				AFC8E25129335D98009F9EC9 /* MyNavigationView */,
				AFCDB59529326F8100E22DEA /* DocumentView */,
			);
			path = ViewModels;
			sourceTree = "<group>";
		};
		AFE0A8DD2970137A00EDCBBC /* Views */ = {
			isa = PBXGroup;
			children = (
				AFD6DE352834000B00E9FA5E /* DocumentBrowserView */,
				AF2F1A12294B376B0005E4B9 /* MainView */,
				AFC8E25029335D88009F9EC9 /* MyNavigationView */,
				AFC7A327299CC0CD008E906D /* SettingsView */,
				AFCDB59429326F7500E22DEA /* DocumentView */,
				AFE0A8DE297019CA00EDCBBC /* AddPointsModalView */,
			);
			path = Views;
			sourceTree = "<group>";
		};
		AFE0A8DE297019CA00EDCBBC /* AddPointsModalView */ = {
			isa = PBXGroup;
			children = (
				AF255AA2283E843A00747FF3 /* AddPointsModalViewController.swift */,
				AF255AA4283E95C900747FF3 /* ThumbnailCell.swift */,
				AF66424D2A2F5352009F67D1 /* ThumbnailCellView.swift */,
				AF66424F2A2F5373009F67D1 /* ThumbnailCollectionView.swift */,
			);
			path = AddPointsModalView;
			sourceTree = "<group>";
		};
		AFEC944E296EEF6400B5BEBF /* Utilities */ = {
			isa = PBXGroup;
			children = (
				AFCEA35D29F0180100AD438D /* DrawingTools */,
				AFBAB8D429A60EB10025A0E7 /* TrueDepthHelper */,
				AFCBEFBD29A250D8005FD84B /* UserDefaultsHelper */,
				AF8936BB28367FD2001031FC /* MyError.swift */,
				AFEC944F296EEF8000B5BEBF /* MyLogger.swift */,
				AF1B76D52986C3DE002D9BAE /* UserActivityHelper */,
				AF65F78E292E4E4D0005D9AF /* FileHelper */,
				AFD6DE342833FFFF00E9FA5E /* PointHelper */,
				AFBAB8D229A60DB00025A0E7 /* AlertMaker.swift */,
			);
			path = Utilities;
			sourceTree = "<group>";
		};
		F01107C7CE67F05F784421B8 /* Frameworks */ = {
			isa = PBXGroup;
			children = (
				F29E0F658105FB87AA1F90FB /* Pods_MyFlow.framework */,
				12557F259FCE95C3D038CFF7 /* Pods_MyFlowTests.framework */,
			);
			name = Frameworks;
			sourceTree = "<group>";
		};
		FD7F7BE189D70E1DACD3E0C3 /* Pods */ = {
			isa = PBXGroup;
			children = (
				72830817BE64C5FD7A97FEFE /* Pods-MyFlow.debug.xcconfig */,
				8C90261A3B6F029D0A3C9123 /* Pods-MyFlow.release.xcconfig */,
				AE5AF18F3489F07A8DE9ECAF /* Pods-MyFlowTests.debug.xcconfig */,
				FF8D75CDC8806C5C7B215083 /* Pods-MyFlowTests.release.xcconfig */,
			);
			path = Pods;
			sourceTree = "<group>";
		};
/* End PBXGroup section */

/* Begin PBXNativeTarget section */
		AF8EDF7A282E3F7A00CCFF19 /* MyFlow */ = {
			isa = PBXNativeTarget;
			buildConfigurationList = AF8EDF91282E3F7B00CCFF19 /* Build configuration list for PBXNativeTarget "MyFlow" */;
			buildPhases = (
				CB3EBE098B755AB8BCA09389 /* [CP] Check Pods Manifest.lock */,
				AF8EDF77282E3F7A00CCFF19 /* Sources */,
				AF8EDF78282E3F7A00CCFF19 /* Frameworks */,
				AF8EDF79282E3F7A00CCFF19 /* Resources */,
				3D2A76CD20990E6BE89E2BB3 /* [CP] Embed Pods Frameworks */,
			);
			buildRules = (
			);
			dependencies = (
			);
			name = MyFlow;
			productName = MyFlow;
			productReference = AF8EDF7B282E3F7A00CCFF19 /* MyFlow.app */;
			productType = "com.apple.product-type.application";
		};
		AFCAE258283A97F300BCB486 /* MyFlowTests */ = {
			isa = PBXNativeTarget;
			buildConfigurationList = AFCAE261283A97F300BCB486 /* Build configuration list for PBXNativeTarget "MyFlowTests" */;
			buildPhases = (
				C31180C289A66191A4F5E0B7 /* [CP] Check Pods Manifest.lock */,
				AFCAE255283A97F300BCB486 /* Sources */,
				AFCAE256283A97F300BCB486 /* Frameworks */,
				AFCAE257283A97F300BCB486 /* Resources */,
				9FB5D7DA25D6A696DD37F44A /* [CP] Embed Pods Frameworks */,
			);
			buildRules = (
			);
			dependencies = (
				AFCAE25E283A97F300BCB486 /* PBXTargetDependency */,
			);
			name = MyFlowTests;
			productName = MyFlowTests;
			productReference = AFCAE259283A97F300BCB486 /* MyFlowTests.xctest */;
			productType = "com.apple.product-type.bundle.unit-test";
		};
/* End PBXNativeTarget section */

/* Begin PBXProject section */
		AF8EDF73282E3F7A00CCFF19 /* Project object */ = {
			isa = PBXProject;
			attributes = {
				BuildIndependentTargetsInParallel = 1;
				LastSwiftUpdateCheck = 1320;
				LastUpgradeCheck = 1320;
				TargetAttributes = {
					AF8EDF7A282E3F7A00CCFF19 = {
						CreatedOnToolsVersion = 13.2.1;
					};
					AFCAE258283A97F300BCB486 = {
						CreatedOnToolsVersion = 13.2.1;
						TestTargetID = AF8EDF7A282E3F7A00CCFF19;
					};
				};
			};
			buildConfigurationList = AF8EDF76282E3F7A00CCFF19 /* Build configuration list for PBXProject "MyFlow" */;
			compatibilityVersion = "Xcode 13.0";
			developmentRegion = en;
			hasScannedForEncodings = 0;
			knownRegions = (
				en,
				Base,
			);
			mainGroup = AF8EDF72282E3F7A00CCFF19;
			productRefGroup = AF8EDF7C282E3F7A00CCFF19 /* Products */;
			projectDirPath = "";
			projectRoot = "";
			targets = (
				AF8EDF7A282E3F7A00CCFF19 /* MyFlow */,
				AFCAE258283A97F300BCB486 /* MyFlowTests */,
			);
		};
/* End PBXProject section */

/* Begin PBXResourcesBuildPhase section */
		AF8EDF79282E3F7A00CCFF19 /* Resources */ = {
			isa = PBXResourcesBuildPhase;
			buildActionMask = 2147483647;
			files = (
				AF98A383283291560035601D /* comic_andy.ttf in Resources */,
				AF8EDF8D282E3F7B00CCFF19 /* LaunchScreen.storyboard in Resources */,
				AF98A385283291620035601D /* Fonarto.ttf in Resources */,
				AF8EDF8A282E3F7B00CCFF19 /* Assets.xcassets in Resources */,
				AF8EDF88282E3F7A00CCFF19 /* Main.storyboard in Resources */,
				AF98A387283297810035601D /* Fonarto XT.ttf in Resources */,
			);
			runOnlyForDeploymentPostprocessing = 0;
		};
		AFCAE257283A97F300BCB486 /* Resources */ = {
			isa = PBXResourcesBuildPhase;
			buildActionMask = 2147483647;
			files = (
			);
			runOnlyForDeploymentPostprocessing = 0;
		};
/* End PBXResourcesBuildPhase section */

/* Begin PBXShellScriptBuildPhase section */
		3D2A76CD20990E6BE89E2BB3 /* [CP] Embed Pods Frameworks */ = {
			isa = PBXShellScriptBuildPhase;
			buildActionMask = 2147483647;
			files = (
			);
			inputFileListPaths = (
				"${PODS_ROOT}/Target Support Files/Pods-MyFlow/Pods-MyFlow-frameworks-${CONFIGURATION}-input-files.xcfilelist",
			);
			name = "[CP] Embed Pods Frameworks";
			outputFileListPaths = (
				"${PODS_ROOT}/Target Support Files/Pods-MyFlow/Pods-MyFlow-frameworks-${CONFIGURATION}-output-files.xcfilelist",
			);
			runOnlyForDeploymentPostprocessing = 0;
			shellPath = /bin/sh;
			shellScript = "\"${PODS_ROOT}/Target Support Files/Pods-MyFlow/Pods-MyFlow-frameworks.sh\"\n";
			showEnvVarsInLog = 0;
		};
		9FB5D7DA25D6A696DD37F44A /* [CP] Embed Pods Frameworks */ = {
			isa = PBXShellScriptBuildPhase;
			buildActionMask = 2147483647;
			files = (
			);
			inputFileListPaths = (
				"${PODS_ROOT}/Target Support Files/Pods-MyFlowTests/Pods-MyFlowTests-frameworks-${CONFIGURATION}-input-files.xcfilelist",
			);
			name = "[CP] Embed Pods Frameworks";
			outputFileListPaths = (
				"${PODS_ROOT}/Target Support Files/Pods-MyFlowTests/Pods-MyFlowTests-frameworks-${CONFIGURATION}-output-files.xcfilelist",
			);
			runOnlyForDeploymentPostprocessing = 0;
			shellPath = /bin/sh;
			shellScript = "\"${PODS_ROOT}/Target Support Files/Pods-MyFlowTests/Pods-MyFlowTests-frameworks.sh\"\n";
			showEnvVarsInLog = 0;
		};
		C31180C289A66191A4F5E0B7 /* [CP] Check Pods Manifest.lock */ = {
			isa = PBXShellScriptBuildPhase;
			buildActionMask = 2147483647;
			files = (
			);
			inputFileListPaths = (
			);
			inputPaths = (
				"${PODS_PODFILE_DIR_PATH}/Podfile.lock",
				"${PODS_ROOT}/Manifest.lock",
			);
			name = "[CP] Check Pods Manifest.lock";
			outputFileListPaths = (
			);
			outputPaths = (
				"$(DERIVED_FILE_DIR)/Pods-MyFlowTests-checkManifestLockResult.txt",
			);
			runOnlyForDeploymentPostprocessing = 0;
			shellPath = /bin/sh;
			shellScript = "diff \"${PODS_PODFILE_DIR_PATH}/Podfile.lock\" \"${PODS_ROOT}/Manifest.lock\" > /dev/null\nif [ $? != 0 ] ; then\n    # print error to STDERR\n    echo \"error: The sandbox is not in sync with the Podfile.lock. Run 'pod install' or update your CocoaPods installation.\" >&2\n    exit 1\nfi\n# This output is used by Xcode 'outputs' to avoid re-running this script phase.\necho \"SUCCESS\" > \"${SCRIPT_OUTPUT_FILE_0}\"\n";
			showEnvVarsInLog = 0;
		};
		CB3EBE098B755AB8BCA09389 /* [CP] Check Pods Manifest.lock */ = {
			isa = PBXShellScriptBuildPhase;
			buildActionMask = 2147483647;
			files = (
			);
			inputFileListPaths = (
			);
			inputPaths = (
				"${PODS_PODFILE_DIR_PATH}/Podfile.lock",
				"${PODS_ROOT}/Manifest.lock",
			);
			name = "[CP] Check Pods Manifest.lock";
			outputFileListPaths = (
			);
			outputPaths = (
				"$(DERIVED_FILE_DIR)/Pods-MyFlow-checkManifestLockResult.txt",
			);
			runOnlyForDeploymentPostprocessing = 0;
			shellPath = /bin/sh;
			shellScript = "diff \"${PODS_PODFILE_DIR_PATH}/Podfile.lock\" \"${PODS_ROOT}/Manifest.lock\" > /dev/null\nif [ $? != 0 ] ; then\n    # print error to STDERR\n    echo \"error: The sandbox is not in sync with the Podfile.lock. Run 'pod install' or update your CocoaPods installation.\" >&2\n    exit 1\nfi\n# This output is used by Xcode 'outputs' to avoid re-running this script phase.\necho \"SUCCESS\" > \"${SCRIPT_OUTPUT_FILE_0}\"\n";
			showEnvVarsInLog = 0;
		};
/* End PBXShellScriptBuildPhase section */

/* Begin PBXSourcesBuildPhase section */
		AF8EDF77282E3F7A00CCFF19 /* Sources */ = {
			isa = PBXSourcesBuildPhase;
			buildActionMask = 2147483647;
			files = (
				AF3D083529A118BD00C26566 /* MoveStrategyAnimationView.swift in Sources */,
				AF255AA5283E95C900747FF3 /* ThumbnailCell.swift in Sources */,
				AF8EDF85282E3F7A00CCFF19 /* Document.swift in Sources */,
				AFC95BA4282E6E49006E9773 /* MyNavigationView.swift in Sources */,
				AF1B76D42986C399002D9BAE /* URL+.swift in Sources */,
				AF91FB2929A3E06700E161AC /* PlayModeTapAreaSettingView.swift in Sources */,
				AF91FB2529A3CA1300E161AC /* SettingStackCell.swift in Sources */,
				AFC8E25329335DAF009F9EC9 /* MyNavigationViewDelegate.swift in Sources */,
				AF8936BA2836655C001031FC /* PointBuilder.swift in Sources */,
				AFCEA36A29F01CC500AD438D /* HaveWidth.swift in Sources */,
				AFCDB59229326ED500E22DEA /* DocumentViewModelInterface.swift in Sources */,
				AF3D083B29A1198500C26566 /* RadioButtons.swift in Sources */,
				AFAB47B9284795780034515A /* PointMemento.swift in Sources */,
				AFC8E25B2933826D009F9EC9 /* TabCell.swift in Sources */,
				AF255AA3283E843A00747FF3 /* AddPointsModalViewController.swift in Sources */,
				AF77AC9029AB48F9007CC495 /* NormalState.swift in Sources */,
				AFCEA36629F019D800AD438D /* RadioComponent.swift in Sources */,
				AF91FB2129A357DC00E161AC /* VerticalLineView.swift in Sources */,
				AFC7A329299CC0DA008E906D /* SettingsView.swift in Sources */,
				AF58AF7929A1F24B00EFD8A4 /* RadioButtonShape.swift in Sources */,
				AF1B76D22986A414002D9BAE /* UserActivityHelper.swift in Sources */,
				AFAB47C62847B26B0034515A /* MoveCommand.swift in Sources */,
				AFBAB8D629A60EBE0025A0E7 /* TrueDepthHelper.swift in Sources */,
				AFCEA36429F0187200AD438D /* HaveColor.swift in Sources */,
				AF3D083129A1187600C26566 /* UITapGestureRecognizer+.swift in Sources */,
				AFAB47B728477E060034515A /* PointCommand.swift in Sources */,
				AFCBEFBF29A250E9005FD84B /* UserDefaultsHelper.swift in Sources */,
				AF8936BC28367FD2001031FC /* MyError.swift in Sources */,
				AF66424E2A2F5352009F67D1 /* ThumbnailCellView.swift in Sources */,
				AF98A38A2832A6380035601D /* String+.swift in Sources */,
				AFAB47C82847BC050034515A /* PointHelperMemento.swift in Sources */,
				AF8EDF83282E3F7A00CCFF19 /* DocumentViewController.swift in Sources */,
				AFCEA36829F01BC500AD438D /* DynamicUserDefaults.swift in Sources */,
				AF3C3F972843C0C2007ED4F9 /* PlayModeState.swift in Sources */,
				AFCDB5972932735C00E22DEA /* MainViewController.swift in Sources */,
				AF6642502A2F5373009F67D1 /* ThumbnailCollectionView.swift in Sources */,
				AFC8E24629333A4A009F9EC9 /* NowPointView.swift in Sources */,
				AF91FB2329A3C34500E161AC /* UIStackView+.swift in Sources */,
				AFCDB58D29326E6C00E22DEA /* DocumentViewStateInterface.swift in Sources */,
				AF58AF7729A13DD200EFD8A4 /* ExpandableSettingViewStyle.swift in Sources */,
				AF1B76D72986C3F1002D9BAE /* MyUserActivity.swift in Sources */,
				AFCDB58F29326EB100E22DEA /* DocumentViewDelegate.swift in Sources */,
				AF77AC9229AB4913007CC495 /* HandlePointsState.swift in Sources */,
				AF3D083D29A119B700C26566 /* RadioButton.swift in Sources */,
				AFC8E24C29334C8A009F9EC9 /* MovingArea.swift in Sources */,
				AF91FB2F29A3E21600E161AC /* ToggleableButton.swift in Sources */,
				AF91FB3129A4EFBB00E161AC /* UIImage+.swift in Sources */,
				AF91FB1C29A3578F00E161AC /* LineViewStyle.swift in Sources */,
				AF2A9ACA28615C2200D0BB24 /* DeleteCommand.swift in Sources */,
				AFC8E25529335DCD009F9EC9 /* MyNavigationViewModelInterface.swift in Sources */,
				AF91FB1F29A357C500E161AC /* HorizontalLineView.swift in Sources */,
				AFC95BA8282EB4D3006E9773 /* UIButton+.swift in Sources */,
				AF58AF7229A13D2F00EFD8A4 /* AnimatableView.swift in Sources */,
				AF8EDF81282E3F7A00CCFF19 /* DocumentBrowserViewController.swift in Sources */,
				AFCEA36C29F01CD200AD438D /* HaveOpacity.swift in Sources */,
				AFED0CC82844C25400FD177D /* MoveStrategy.swift in Sources */,
				AFEC944D296C923D00B5BEBF /* PdfView+.swift in Sources */,
				AFE6C78D28487DD4003C4580 /* MyPDFView.swift in Sources */,
				AFF8DA82282FDE20005F0DED /* UIBezierPath+.swift in Sources */,
				AFD6DE322833B99800E9FA5E /* PointHelper.swift in Sources */,
				AFCEA35F29F0180C00AD438D /* DrawingTool.swift in Sources */,
				AFAB47BB28479F6F0034515A /* PointCommandHistory.swift in Sources */,
				AF58AF7B29A1F3A400EFD8A4 /* UILabel+.swift in Sources */,
				AFC8E259293368C1009F9EC9 /* DocumentTabsCollectionViewAdaptor.swift in Sources */,
				AFAB47BD28479F9D0034515A /* UndoRedoHistory.swift in Sources */,
				AF8EDF7F282E3F7A00CCFF19 /* AppDelegate.swift in Sources */,
				AFEC9450296EEF8000B5BEBF /* MyLogger.swift in Sources */,
				AFAB47C02847A0830034515A /* AddCommand.swift in Sources */,
				AFCBEFC529A28098005FD84B /* PlayModeSettingView.swift in Sources */,
				AFF8DA80282F65F8005F0DED /* MyConstants.swift in Sources */,
				AFCEA37029F029F600AD438D /* RadioComponetWrapperView.swift in Sources */,
				AF58533929A744A500C7D6B0 /* UIApplication+.swift in Sources */,
				AFC8E2572933686E009F9EC9 /* UIControl+.swift in Sources */,
				AF255AA1283E809E00747FF3 /* UIDevice+.swift in Sources */,
				AF77AC9429AB4929007CC495 /* AddPointsState.swift in Sources */,
				AFBAB8D329A60DB00025A0E7 /* AlertMaker.swift in Sources */,
				AF98A38C2832A6590035601D /* UIFont+.swift in Sources */,
				AFC8E24A293345F2009F9EC9 /* PointsArea.swift in Sources */,
				AFCDB59A293284A500E22DEA /* MainViewDelegate.swift in Sources */,
				AF98A38E2832A6760035601D /* UIColor+.swift in Sources */,
				AF2F1A15294B379A0005E4B9 /* MainViewModelInterface.swift in Sources */,
				AF58AF7529A13D6B00EFD8A4 /* SettingViewStyle.swift in Sources */,
				AF65F790292E4E5F0005D9AF /* FileHelper.swift in Sources */,
				AFCDB587293122A200E22DEA /* DocumentViewModel.swift in Sources */,
				AFEC944B296C422B00B5BEBF /* SceneDelegate.swift in Sources */,
				AFC8E2482933439F009F9EC9 /* UndoRedoArea.swift in Sources */,
				AFC8E24F29335431009F9EC9 /* MyNavigationViewModel.swift in Sources */,
				AF91FB2729A3DFFE00E161AC /* AnimatableGradientBackground.swift in Sources */,
				AFCEA36229F0185000AD438D /* ToolSettings.swift in Sources */,
				AFCEA36E29F0294100AD438D /* CALayer+.swift in Sources */,
				AF3D083729A118F000C26566 /* MoveStrategySettingView.swift in Sources */,
				AFCDB59C29332B0400E22DEA /* UIView+.swift in Sources */,
				AF2F1A11293DB5B90005E4B9 /* MainViewModel.swift in Sources */,
				AFB458B829A6456C00FF310D /* TrueDepthThresholdSettingView.swift in Sources */,
			);
			runOnlyForDeploymentPostprocessing = 0;
		};
		AFCAE255283A97F300BCB486 /* Sources */ = {
			isa = PBXSourcesBuildPhase;
			buildActionMask = 2147483647;
			files = (
				AFCAE25C283A97F300BCB486 /* MyFlowTests.swift in Sources */,
			);
			runOnlyForDeploymentPostprocessing = 0;
		};
/* End PBXSourcesBuildPhase section */

/* Begin PBXTargetDependency section */
		AFCAE25E283A97F300BCB486 /* PBXTargetDependency */ = {
			isa = PBXTargetDependency;
			target = AF8EDF7A282E3F7A00CCFF19 /* MyFlow */;
			targetProxy = AFCAE25D283A97F300BCB486 /* PBXContainerItemProxy */;
		};
/* End PBXTargetDependency section */

/* Begin PBXVariantGroup section */
		AF8EDF86282E3F7A00CCFF19 /* Main.storyboard */ = {
			isa = PBXVariantGroup;
			children = (
				AF8EDF87282E3F7A00CCFF19 /* Base */,
			);
			name = Main.storyboard;
			sourceTree = "<group>";
		};
		AF8EDF8B282E3F7B00CCFF19 /* LaunchScreen.storyboard */ = {
			isa = PBXVariantGroup;
			children = (
				AF8EDF8C282E3F7B00CCFF19 /* Base */,
			);
			name = LaunchScreen.storyboard;
			sourceTree = "<group>";
		};
/* End PBXVariantGroup section */

/* Begin XCBuildConfiguration section */
		AF8EDF8F282E3F7B00CCFF19 /* Debug */ = {
			isa = XCBuildConfiguration;
			buildSettings = {
				ALWAYS_SEARCH_USER_PATHS = NO;
				CLANG_ANALYZER_NONNULL = YES;
				CLANG_ANALYZER_NUMBER_OBJECT_CONVERSION = YES_AGGRESSIVE;
				CLANG_CXX_LANGUAGE_STANDARD = "gnu++17";
				CLANG_CXX_LIBRARY = "libc++";
				CLANG_ENABLE_MODULES = YES;
				CLANG_ENABLE_OBJC_ARC = YES;
				CLANG_ENABLE_OBJC_WEAK = YES;
				CLANG_WARN_BLOCK_CAPTURE_AUTORELEASING = YES;
				CLANG_WARN_BOOL_CONVERSION = YES;
				CLANG_WARN_COMMA = YES;
				CLANG_WARN_CONSTANT_CONVERSION = YES;
				CLANG_WARN_DEPRECATED_OBJC_IMPLEMENTATIONS = YES;
				CLANG_WARN_DIRECT_OBJC_ISA_USAGE = YES_ERROR;
				CLANG_WARN_DOCUMENTATION_COMMENTS = YES;
				CLANG_WARN_EMPTY_BODY = YES;
				CLANG_WARN_ENUM_CONVERSION = YES;
				CLANG_WARN_INFINITE_RECURSION = YES;
				CLANG_WARN_INT_CONVERSION = YES;
				CLANG_WARN_NON_LITERAL_NULL_CONVERSION = YES;
				CLANG_WARN_OBJC_IMPLICIT_RETAIN_SELF = YES;
				CLANG_WARN_OBJC_LITERAL_CONVERSION = YES;
				CLANG_WARN_OBJC_ROOT_CLASS = YES_ERROR;
				CLANG_WARN_QUOTED_INCLUDE_IN_FRAMEWORK_HEADER = YES;
				CLANG_WARN_RANGE_LOOP_ANALYSIS = YES;
				CLANG_WARN_STRICT_PROTOTYPES = YES;
				CLANG_WARN_SUSPICIOUS_MOVE = YES;
				CLANG_WARN_UNGUARDED_AVAILABILITY = YES_AGGRESSIVE;
				CLANG_WARN_UNREACHABLE_CODE = YES;
				CLANG_WARN__DUPLICATE_METHOD_MATCH = YES;
				COPY_PHASE_STRIP = NO;
				DEBUG_INFORMATION_FORMAT = dwarf;
				ENABLE_STRICT_OBJC_MSGSEND = YES;
				ENABLE_TESTABILITY = YES;
				GCC_C_LANGUAGE_STANDARD = gnu11;
				GCC_DYNAMIC_NO_PIC = NO;
				GCC_NO_COMMON_BLOCKS = YES;
				GCC_OPTIMIZATION_LEVEL = 0;
				GCC_PREPROCESSOR_DEFINITIONS = (
					"DEBUG=1",
					"$(inherited)",
				);
				GCC_WARN_64_TO_32_BIT_CONVERSION = YES;
				GCC_WARN_ABOUT_RETURN_TYPE = YES_ERROR;
				GCC_WARN_UNDECLARED_SELECTOR = YES;
				GCC_WARN_UNINITIALIZED_AUTOS = YES_AGGRESSIVE;
				GCC_WARN_UNUSED_FUNCTION = YES;
				GCC_WARN_UNUSED_VARIABLE = YES;
				IPHONEOS_DEPLOYMENT_TARGET = 15.2;
				MTL_ENABLE_DEBUG_INFO = INCLUDE_SOURCE;
				MTL_FAST_MATH = YES;
				ONLY_ACTIVE_ARCH = YES;
				SDKROOT = iphoneos;
				SWIFT_ACTIVE_COMPILATION_CONDITIONS = DEBUG;
				SWIFT_OPTIMIZATION_LEVEL = "-Onone";
			};
			name = Debug;
		};
		AF8EDF90282E3F7B00CCFF19 /* Release */ = {
			isa = XCBuildConfiguration;
			buildSettings = {
				ALWAYS_SEARCH_USER_PATHS = NO;
				CLANG_ANALYZER_NONNULL = YES;
				CLANG_ANALYZER_NUMBER_OBJECT_CONVERSION = YES_AGGRESSIVE;
				CLANG_CXX_LANGUAGE_STANDARD = "gnu++17";
				CLANG_CXX_LIBRARY = "libc++";
				CLANG_ENABLE_MODULES = YES;
				CLANG_ENABLE_OBJC_ARC = YES;
				CLANG_ENABLE_OBJC_WEAK = YES;
				CLANG_WARN_BLOCK_CAPTURE_AUTORELEASING = YES;
				CLANG_WARN_BOOL_CONVERSION = YES;
				CLANG_WARN_COMMA = YES;
				CLANG_WARN_CONSTANT_CONVERSION = YES;
				CLANG_WARN_DEPRECATED_OBJC_IMPLEMENTATIONS = YES;
				CLANG_WARN_DIRECT_OBJC_ISA_USAGE = YES_ERROR;
				CLANG_WARN_DOCUMENTATION_COMMENTS = YES;
				CLANG_WARN_EMPTY_BODY = YES;
				CLANG_WARN_ENUM_CONVERSION = YES;
				CLANG_WARN_INFINITE_RECURSION = YES;
				CLANG_WARN_INT_CONVERSION = YES;
				CLANG_WARN_NON_LITERAL_NULL_CONVERSION = YES;
				CLANG_WARN_OBJC_IMPLICIT_RETAIN_SELF = YES;
				CLANG_WARN_OBJC_LITERAL_CONVERSION = YES;
				CLANG_WARN_OBJC_ROOT_CLASS = YES_ERROR;
				CLANG_WARN_QUOTED_INCLUDE_IN_FRAMEWORK_HEADER = YES;
				CLANG_WARN_RANGE_LOOP_ANALYSIS = YES;
				CLANG_WARN_STRICT_PROTOTYPES = YES;
				CLANG_WARN_SUSPICIOUS_MOVE = YES;
				CLANG_WARN_UNGUARDED_AVAILABILITY = YES_AGGRESSIVE;
				CLANG_WARN_UNREACHABLE_CODE = YES;
				CLANG_WARN__DUPLICATE_METHOD_MATCH = YES;
				COPY_PHASE_STRIP = NO;
				DEBUG_INFORMATION_FORMAT = "dwarf-with-dsym";
				ENABLE_NS_ASSERTIONS = NO;
				ENABLE_STRICT_OBJC_MSGSEND = YES;
				GCC_C_LANGUAGE_STANDARD = gnu11;
				GCC_NO_COMMON_BLOCKS = YES;
				GCC_WARN_64_TO_32_BIT_CONVERSION = YES;
				GCC_WARN_ABOUT_RETURN_TYPE = YES_ERROR;
				GCC_WARN_UNDECLARED_SELECTOR = YES;
				GCC_WARN_UNINITIALIZED_AUTOS = YES_AGGRESSIVE;
				GCC_WARN_UNUSED_FUNCTION = YES;
				GCC_WARN_UNUSED_VARIABLE = YES;
				IPHONEOS_DEPLOYMENT_TARGET = 15.2;
				MTL_ENABLE_DEBUG_INFO = NO;
				MTL_FAST_MATH = YES;
				SDKROOT = iphoneos;
				SWIFT_COMPILATION_MODE = wholemodule;
				SWIFT_OPTIMIZATION_LEVEL = "-O";
				VALIDATE_PRODUCT = YES;
			};
			name = Release;
		};
		AF8EDF92282E3F7B00CCFF19 /* Debug */ = {
			isa = XCBuildConfiguration;
			baseConfigurationReference = 72830817BE64C5FD7A97FEFE /* Pods-MyFlow.debug.xcconfig */;
			buildSettings = {
				ASSETCATALOG_COMPILER_APPICON_NAME = AppIcon;
				ASSETCATALOG_COMPILER_GLOBAL_ACCENT_COLOR_NAME = AccentColor;
				CODE_SIGN_STYLE = Automatic;
				CURRENT_PROJECT_VERSION = 1;
				DEVELOPMENT_TEAM = HMC6A8BFFC;
				GENERATE_INFOPLIST_FILE = YES;
				INFOPLIST_FILE = MyFlow/Info.plist;
				INFOPLIST_KEY_UIApplicationSupportsIndirectInputEvents = YES;
				INFOPLIST_KEY_UILaunchStoryboardName = LaunchScreen;
				INFOPLIST_KEY_UIMainStoryboardFile = Main;
				INFOPLIST_KEY_UISupportedInterfaceOrientations_iPad = "UIInterfaceOrientationPortrait UIInterfaceOrientationPortraitUpsideDown UIInterfaceOrientationLandscapeLeft UIInterfaceOrientationLandscapeRight";
				INFOPLIST_KEY_UISupportedInterfaceOrientations_iPhone = "UIInterfaceOrientationPortrait UIInterfaceOrientationLandscapeLeft UIInterfaceOrientationLandscapeRight";
				INFOPLIST_KEY_UISupportsDocumentBrowser = YES;
				IPHONEOS_DEPLOYMENT_TARGET = 15.0;
				LD_RUNPATH_SEARCH_PATHS = (
					"$(inherited)",
					"@executable_path/Frameworks",
				);
				MARKETING_VERSION = 1.6.2;
				PRODUCT_BUNDLE_IDENTIFIER = com.chayujin.MyFlow;
				PRODUCT_NAME = "$(TARGET_NAME)";
				SWIFT_EMIT_LOC_STRINGS = YES;
				SWIFT_VERSION = 5.0;
				TARGETED_DEVICE_FAMILY = "1,2";
			};
			name = Debug;
		};
		AF8EDF93282E3F7B00CCFF19 /* Release */ = {
			isa = XCBuildConfiguration;
			baseConfigurationReference = 8C90261A3B6F029D0A3C9123 /* Pods-MyFlow.release.xcconfig */;
			buildSettings = {
				ASSETCATALOG_COMPILER_APPICON_NAME = AppIcon;
				ASSETCATALOG_COMPILER_GLOBAL_ACCENT_COLOR_NAME = AccentColor;
				CODE_SIGN_STYLE = Automatic;
				CURRENT_PROJECT_VERSION = 1;
				DEVELOPMENT_TEAM = HMC6A8BFFC;
				GENERATE_INFOPLIST_FILE = YES;
				INFOPLIST_FILE = MyFlow/Info.plist;
				INFOPLIST_KEY_UIApplicationSupportsIndirectInputEvents = YES;
				INFOPLIST_KEY_UILaunchStoryboardName = LaunchScreen;
				INFOPLIST_KEY_UIMainStoryboardFile = Main;
				INFOPLIST_KEY_UISupportedInterfaceOrientations_iPad = "UIInterfaceOrientationPortrait UIInterfaceOrientationPortraitUpsideDown UIInterfaceOrientationLandscapeLeft UIInterfaceOrientationLandscapeRight";
				INFOPLIST_KEY_UISupportedInterfaceOrientations_iPhone = "UIInterfaceOrientationPortrait UIInterfaceOrientationLandscapeLeft UIInterfaceOrientationLandscapeRight";
				INFOPLIST_KEY_UISupportsDocumentBrowser = YES;
				IPHONEOS_DEPLOYMENT_TARGET = 15.0;
				LD_RUNPATH_SEARCH_PATHS = (
					"$(inherited)",
					"@executable_path/Frameworks",
				);
				MARKETING_VERSION = 1.6.2;
				PRODUCT_BUNDLE_IDENTIFIER = com.chayujin.MyFlow;
				PRODUCT_NAME = "$(TARGET_NAME)";
				SWIFT_EMIT_LOC_STRINGS = YES;
				SWIFT_VERSION = 5.0;
				TARGETED_DEVICE_FAMILY = "1,2";
			};
			name = Release;
		};
		AFCAE25F283A97F300BCB486 /* Debug */ = {
			isa = XCBuildConfiguration;
			baseConfigurationReference = AE5AF18F3489F07A8DE9ECAF /* Pods-MyFlowTests.debug.xcconfig */;
			buildSettings = {
				BUNDLE_LOADER = "$(TEST_HOST)";
				CODE_SIGN_STYLE = Automatic;
				CURRENT_PROJECT_VERSION = 1;
				DEVELOPMENT_TEAM = HMC6A8BFFC;
				GENERATE_INFOPLIST_FILE = YES;
				MARKETING_VERSION = 1.0;
				PRODUCT_BUNDLE_IDENTIFIER = com.chayujin.MyFlowTests;
				PRODUCT_NAME = "$(TARGET_NAME)";
				SWIFT_EMIT_LOC_STRINGS = NO;
				SWIFT_VERSION = 5.0;
				TARGETED_DEVICE_FAMILY = "1,2";
				TEST_HOST = "$(BUILT_PRODUCTS_DIR)/MyFlow.app/MyFlow";
			};
			name = Debug;
		};
		AFCAE260283A97F300BCB486 /* Release */ = {
			isa = XCBuildConfiguration;
			baseConfigurationReference = FF8D75CDC8806C5C7B215083 /* Pods-MyFlowTests.release.xcconfig */;
			buildSettings = {
				BUNDLE_LOADER = "$(TEST_HOST)";
				CODE_SIGN_STYLE = Automatic;
				CURRENT_PROJECT_VERSION = 1;
				DEVELOPMENT_TEAM = HMC6A8BFFC;
				GENERATE_INFOPLIST_FILE = YES;
				MARKETING_VERSION = 1.0;
				PRODUCT_BUNDLE_IDENTIFIER = com.chayujin.MyFlowTests;
				PRODUCT_NAME = "$(TARGET_NAME)";
				SWIFT_EMIT_LOC_STRINGS = NO;
				SWIFT_VERSION = 5.0;
				TARGETED_DEVICE_FAMILY = "1,2";
				TEST_HOST = "$(BUILT_PRODUCTS_DIR)/MyFlow.app/MyFlow";
			};
			name = Release;
		};
/* End XCBuildConfiguration section */

/* Begin XCConfigurationList section */
		AF8EDF76282E3F7A00CCFF19 /* Build configuration list for PBXProject "MyFlow" */ = {
			isa = XCConfigurationList;
			buildConfigurations = (
				AF8EDF8F282E3F7B00CCFF19 /* Debug */,
				AF8EDF90282E3F7B00CCFF19 /* Release */,
			);
			defaultConfigurationIsVisible = 0;
			defaultConfigurationName = Release;
		};
		AF8EDF91282E3F7B00CCFF19 /* Build configuration list for PBXNativeTarget "MyFlow" */ = {
			isa = XCConfigurationList;
			buildConfigurations = (
				AF8EDF92282E3F7B00CCFF19 /* Debug */,
				AF8EDF93282E3F7B00CCFF19 /* Release */,
			);
			defaultConfigurationIsVisible = 0;
			defaultConfigurationName = Release;
		};
		AFCAE261283A97F300BCB486 /* Build configuration list for PBXNativeTarget "MyFlowTests" */ = {
			isa = XCConfigurationList;
			buildConfigurations = (
				AFCAE25F283A97F300BCB486 /* Debug */,
				AFCAE260283A97F300BCB486 /* Release */,
			);
			defaultConfigurationIsVisible = 0;
			defaultConfigurationName = Release;
		};
/* End XCConfigurationList section */
	};
	rootObject = AF8EDF73282E3F7A00CCFF19 /* Project object */;
}
